// !$*UTF8*$!
{
	archiveVersion = 1;
	classes = {
	};
	objectVersion = 46;
	objects = {

/* Begin PBXBuildFile section */
		410FB3901CA27C6F0079B2A2 /* TestTVC.m in Sources */ = {isa = PBXBuildFile; fileRef = 410FB38F1CA27C6F0079B2A2 /* TestTVC.m */; };
		410FB3931CA282330079B2A2 /* Main_iPhone.storyboard in Resources */ = {isa = PBXBuildFile; fileRef = 410FB3911CA282330079B2A2 /* Main_iPhone.storyboard */; };
		410FB3961CA2824B0079B2A2 /* ViewController.m in Sources */ = {isa = PBXBuildFile; fileRef = 410FB3951CA2824B0079B2A2 /* ViewController.m */; };
		41216DD11C77329400543459 /* ACDesignHelper.m in Sources */ = {isa = PBXBuildFile; fileRef = 41216DD01C77329400543459 /* ACDesignHelper.m */; };
		4123BECB23C9FFC300B1F3B0 /* ACKeyboardListener.m in Sources */ = {isa = PBXBuildFile; fileRef = 4123BECA23C9FFC300B1F3B0 /* ACKeyboardListener.m */; };
		4123BECE23CA17EE00B1F3B0 /* UINavigationItem+AppCore.m in Sources */ = {isa = PBXBuildFile; fileRef = 4123BECD23CA17EE00B1F3B0 /* UINavigationItem+AppCore.m */; };
		412F5EEA1CF8679D006539CC /* NSLayoutConstraint+AppCore.m in Sources */ = {isa = PBXBuildFile; fileRef = 412F5EE91CF8679D006539CC /* NSLayoutConstraint+AppCore.m */; };
		412F5EED1CF8682E006539CC /* UITableView+AppCore.m in Sources */ = {isa = PBXBuildFile; fileRef = 412F5EEC1CF8682E006539CC /* UITableView+AppCore.m */; };
		413091F61C71E3850080725C /* ACTemplateAppDelegate.m in Sources */ = {isa = PBXBuildFile; fileRef = 413091F51C71E3850080725C /* ACTemplateAppDelegate.m */; };
		413091F91C71F7080080725C /* ACTemplateTVC.m in Sources */ = {isa = PBXBuildFile; fileRef = 413091F81C71F7080080725C /* ACTemplateTVC.m */; };
		413091FC1C71F7860080725C /* UITableViewController+AppCore.m in Sources */ = {isa = PBXBuildFile; fileRef = 413091FB1C71F7860080725C /* UITableViewController+AppCore.m */; };
		413091FF1C71FB330080725C /* ACTemplateVC.m in Sources */ = {isa = PBXBuildFile; fileRef = 413091FE1C71FB330080725C /* ACTemplateVC.m */; };
		413092021C71FB850080725C /* ACTemplateTBC.m in Sources */ = {isa = PBXBuildFile; fileRef = 413092011C71FB850080725C /* ACTemplateTBC.m */; };
		413092051C72136C0080725C /* ACLog.m in Sources */ = {isa = PBXBuildFile; fileRef = 413092041C72136C0080725C /* ACLog.m */; };
		4130920B1C721DF80080725C /* NSURLRequest+AppCore.m in Sources */ = {isa = PBXBuildFile; fileRef = 4130920A1C721DF80080725C /* NSURLRequest+AppCore.m */; };
		4140830523C78EC8002BA171 /* ACLabel.m in Sources */ = {isa = PBXBuildFile; fileRef = 4140830423C78EC8002BA171 /* ACLabel.m */; };
		4140830823C78F88002BA171 /* ACTableViewCell.m in Sources */ = {isa = PBXBuildFile; fileRef = 4140830723C78F88002BA171 /* ACTableViewCell.m */; };
		414457B81C730AC000BF27FF /* NSData+AppCore.m in Sources */ = {isa = PBXBuildFile; fileRef = 414457B71C730AC000BF27FF /* NSData+AppCore.m */; };
		414457BE1C73456C00BF27FF /* ACContactsHelper.m in Sources */ = {isa = PBXBuildFile; fileRef = 414457BD1C73456C00BF27FF /* ACContactsHelper.m */; };
		414457C11C734C0900BF27FF /* UITextView+AppCore.m in Sources */ = {isa = PBXBuildFile; fileRef = 414457C01C734C0900BF27FF /* UITextView+AppCore.m */; };
		414457C41C734FF300BF27FF /* UILabel+AppCore.m in Sources */ = {isa = PBXBuildFile; fileRef = 414457C31C734FF300BF27FF /* UILabel+AppCore.m */; };
		414457CA1C735D7800BF27FF /* ACJsonObject.m in Sources */ = {isa = PBXBuildFile; fileRef = 414457C91C735D7800BF27FF /* ACJsonObject.m */; };
		414702551C6E147500F97990 /* main.m in Sources */ = {isa = PBXBuildFile; fileRef = 414702541C6E147500F97990 /* main.m */; };
		414702581C6E147500F97990 /* AppDelegate.m in Sources */ = {isa = PBXBuildFile; fileRef = 414702571C6E147500F97990 /* AppDelegate.m */; };
		414702601C6E147500F97990 /* Assets.xcassets in Resources */ = {isa = PBXBuildFile; fileRef = 4147025F1C6E147500F97990 /* Assets.xcassets */; };
		4147026E1C6E147500F97990 /* NSCategoriesTests.m in Sources */ = {isa = PBXBuildFile; fileRef = 4147026D1C6E147500F97990 /* NSCategoriesTests.m */; };
		4147028A1C6E17EA00F97990 /* NSArray+AppCore.m in Sources */ = {isa = PBXBuildFile; fileRef = 414702891C6E17EA00F97990 /* NSArray+AppCore.m */; };
		4147028D1C6E182300F97990 /* NSString+AppCore.m in Sources */ = {isa = PBXBuildFile; fileRef = 4147028C1C6E182300F97990 /* NSString+AppCore.m */; };
		414702901C6E1C2700F97990 /* NSHTTPURLResponse+AppCore.m in Sources */ = {isa = PBXBuildFile; fileRef = 4147028F1C6E1C2700F97990 /* NSHTTPURLResponse+AppCore.m */; };
		414702931C6E1C7F00F97990 /* NSDate+AppCore.m in Sources */ = {isa = PBXBuildFile; fileRef = 414702921C6E1C7F00F97990 /* NSDate+AppCore.m */; };
		414702961C6E1D7100F97990 /* NSDictionary+AppCore.m in Sources */ = {isa = PBXBuildFile; fileRef = 414702951C6E1D7100F97990 /* NSDictionary+AppCore.m */; };
		414702991C6E1DAE00F97990 /* NSAttributedString+AppCore.m in Sources */ = {isa = PBXBuildFile; fileRef = 414702981C6E1DAE00F97990 /* NSAttributedString+AppCore.m */; };
		4147029C1C6E1ECF00F97990 /* NSObject+AppCore.m in Sources */ = {isa = PBXBuildFile; fileRef = 4147029B1C6E1ECF00F97990 /* NSObject+AppCore.m */; };
		4147029F1C6E1FB000F97990 /* UIColor+AppCore.m in Sources */ = {isa = PBXBuildFile; fileRef = 4147029E1C6E1FB000F97990 /* UIColor+AppCore.m */; };
		414702A21C6E207200F97990 /* UIImage+AppCore.m in Sources */ = {isa = PBXBuildFile; fileRef = 414702A11C6E207200F97990 /* UIImage+AppCore.m */; };
		414702A51C6E219900F97990 /* UIImageView+AppCore.m in Sources */ = {isa = PBXBuildFile; fileRef = 414702A41C6E219900F97990 /* UIImageView+AppCore.m */; };
		414702A81C6E21F500F97990 /* UINavigationController+AppCore.m in Sources */ = {isa = PBXBuildFile; fileRef = 414702A71C6E21F500F97990 /* UINavigationController+AppCore.m */; };
		414702AB1C6E223000F97990 /* UITabBar+AppCore.m in Sources */ = {isa = PBXBuildFile; fileRef = 414702AA1C6E223000F97990 /* UITabBar+AppCore.m */; };
		414702AE1C6E232A00F97990 /* UITableViewCell+AppCore.m in Sources */ = {isa = PBXBuildFile; fileRef = 414702AD1C6E232A00F97990 /* UITableViewCell+AppCore.m */; };
		414702B21C6E24C100F97990 /* UIView+AppCore.m in Sources */ = {isa = PBXBuildFile; fileRef = 414702B11C6E24C100F97990 /* UIView+AppCore.m */; };
		414702B51C6E263000F97990 /* UIViewController+AppCore.m in Sources */ = {isa = PBXBuildFile; fileRef = 414702B41C6E263000F97990 /* UIViewController+AppCore.m */; };
		415FECF71C96E3910084F2CC /* NSMutableURLRequest+AppCore.m in Sources */ = {isa = PBXBuildFile; fileRef = 415FECF61C96E3910084F2CC /* NSMutableURLRequest+AppCore.m */; };
		415FECFA1C96E7630084F2CC /* ACPendingOperations.m in Sources */ = {isa = PBXBuildFile; fileRef = 415FECF91C96E7630084F2CC /* ACPendingOperations.m */; };
		416BD9661D460DE700A6AB37 /* ACLocalizationHelper.m in Sources */ = {isa = PBXBuildFile; fileRef = 416BD9651D460DE700A6AB37 /* ACLocalizationHelper.m */; };
		41807FA31C9842DD00101829 /* UICategoriesTests.m in Sources */ = {isa = PBXBuildFile; fileRef = 41807FA21C9842DD00101829 /* UICategoriesTests.m */; };
		41807FA51C984D8A00101829 /* ACAssets.xcassets in Resources */ = {isa = PBXBuildFile; fileRef = 41807FA41C984D8A00101829 /* ACAssets.xcassets */; };
		41807FA81C98584E00101829 /* JsonObjectTests.m in Sources */ = {isa = PBXBuildFile; fileRef = 41807FA71C98584E00101829 /* JsonObjectTests.m */; };
		41807FAB1C985A6A00101829 /* SingletonTest.m in Sources */ = {isa = PBXBuildFile; fileRef = 41807FAA1C985A6A00101829 /* SingletonTest.m */; };
		4183C41D1FBB24D900A2AFE3 /* NSCharacterSet+AppCore.m in Sources */ = {isa = PBXBuildFile; fileRef = 4183C41C1FBB24D900A2AFE3 /* NSCharacterSet+AppCore.m */; };
		418DF2F2219EB75300C6E7FC /* UIWindow+AppCore.m in Sources */ = {isa = PBXBuildFile; fileRef = 418DF2F1219EB75300C6E7FC /* UIWindow+AppCore.m */; };
		418DF2F5219EB80000C6E7FC /* ACLayoutModel.m in Sources */ = {isa = PBXBuildFile; fileRef = 418DF2F4219EB80000C6E7FC /* ACLayoutModel.m */; };
		418DF2FB219EB87D00C6E7FC /* ACDataModel.m in Sources */ = {isa = PBXBuildFile; fileRef = 418DF2FA219EB87D00C6E7FC /* ACDataModel.m */; };
		418DF2FE219EB89B00C6E7FC /* ACViewDescriber.m in Sources */ = {isa = PBXBuildFile; fileRef = 418DF2FD219EB89B00C6E7FC /* ACViewDescriber.m */; };
		418DF306219EBA1E00C6E7FC /* ACDesignableView.m in Sources */ = {isa = PBXBuildFile; fileRef = 418DF305219EBA1E00C6E7FC /* ACDesignableView.m */; };
		418DF30A219EBBB800C6E7FC /* UINib+AppCore.m in Sources */ = {isa = PBXBuildFile; fileRef = 418DF309219EBBB800C6E7FC /* UINib+AppCore.m */; };
		418DF30D219EBD1700C6E7FC /* UICollectionView+AppCore.m in Sources */ = {isa = PBXBuildFile; fileRef = 418DF30C219EBD1700C6E7FC /* UICollectionView+AppCore.m */; };
		418DF311219EBDCF00C6E7FC /* ACSectionDescriber.m in Sources */ = {isa = PBXBuildFile; fileRef = 418DF310219EBDCF00C6E7FC /* ACSectionDescriber.m */; };
		418DF314219ED56300C6E7FC /* ACTemplateExtendedTVC.m in Sources */ = {isa = PBXBuildFile; fileRef = 418DF313219ED56300C6E7FC /* ACTemplateExtendedTVC.m */; };
		418DF317219ED6CD00C6E7FC /* ACAsynchronousOperation.m in Sources */ = {isa = PBXBuildFile; fileRef = 418DF316219ED6CD00C6E7FC /* ACAsynchronousOperation.m */; };
		418DF31A219ED7C700C6E7FC /* ACAsyncBlockOperation.m in Sources */ = {isa = PBXBuildFile; fileRef = 418DF319219ED7C700C6E7FC /* ACAsyncBlockOperation.m */; };
		418DF31D219ED84700C6E7FC /* NSOperationQueue+AppCore.m in Sources */ = {isa = PBXBuildFile; fileRef = 418DF31C219ED84700C6E7FC /* NSOperationQueue+AppCore.m */; };
		419265B31ECB27D400C7A876 /* UINavigationBar+AppCore.m in Sources */ = {isa = PBXBuildFile; fileRef = 419265B21ECB27D400C7A876 /* UINavigationBar+AppCore.m */; };
		4195D54821B9053C00D44C9B /* ACTemplateRouter.m in Sources */ = {isa = PBXBuildFile; fileRef = 4195D54721B9053C00D44C9B /* ACTemplateRouter.m */; };
		41A3DDE61EA603A3005A7849 /* UIFont+AppCore.m in Sources */ = {isa = PBXBuildFile; fileRef = 41A3DDE51EA603A3005A7849 /* UIFont+AppCore.m */; };
		41AC959F1DE47ABD0006C776 /* ACImagePicker.m in Sources */ = {isa = PBXBuildFile; fileRef = 41AC959E1DE47ABD0006C776 /* ACImagePicker.m */; };
		41B052981CEB4A7B007D2F79 /* NSLayoutConstraintHairline.m in Sources */ = {isa = PBXBuildFile; fileRef = 41B052971CEB4A7B007D2F79 /* NSLayoutConstraintHairline.m */; };
		41B1836D1CDB201000A9023B /* ACLocationHelper.m in Sources */ = {isa = PBXBuildFile; fileRef = 41B1836C1CDB201000A9023B /* ACLocationHelper.m */; };
		41B331241D58C70E00504F19 /* UIBarButtonItem+AppCore.m in Sources */ = {isa = PBXBuildFile; fileRef = 41B331231D58C70E00504F19 /* UIBarButtonItem+AppCore.m */; };
		41BFF1261CAD0FFD00DC8C16 /* ContactObjectTests.m in Sources */ = {isa = PBXBuildFile; fileRef = 41BFF1251CAD0FFD00DC8C16 /* ContactObjectTests.m */; };
		41C177391DC32DA2001CE503 /* NSMutableArray+AppCore.m in Sources */ = {isa = PBXBuildFile; fileRef = 41C177381DC32DA2001CE503 /* NSMutableArray+AppCore.m */; };
		41C439E51DCC888B005ECE87 /* UIDevice+AppCore.m in Sources */ = {isa = PBXBuildFile; fileRef = 41C439E41DCC888B005ECE87 /* UIDevice+AppCore.m */; };
		41C58BFD1C7AFD1F008FEADD /* NSNotificationCenter+AppCore.m in Sources */ = {isa = PBXBuildFile; fileRef = 41C58BFC1C7AFD1F008FEADD /* NSNotificationCenter+AppCore.m */; };
		41C58C001C7B2C6C008FEADD /* ACRouter.m in Sources */ = {isa = PBXBuildFile; fileRef = 41C58BFF1C7B2C6C008FEADD /* ACRouter.m */; };
		41C58C041C7B4BC7008FEADD /* ACDataKeeper.m in Sources */ = {isa = PBXBuildFile; fileRef = 41C58C031C7B4BC7008FEADD /* ACDataKeeper.m */; };
		41C662111CD878C300ED81CA /* ACTemplateCVC.m in Sources */ = {isa = PBXBuildFile; fileRef = 41C662101CD878C300ED81CA /* ACTemplateCVC.m */; };
		41C662141CD8804300ED81CA /* ACTemplatePVC.m in Sources */ = {isa = PBXBuildFile; fileRef = 41C662131CD8804300ED81CA /* ACTemplatePVC.m */; };
		41D3D8201EB09E610015206E /* UICollectionViewController+AppCore.m in Sources */ = {isa = PBXBuildFile; fileRef = 41D3D81F1EB09E610015206E /* UICollectionViewController+AppCore.m */; };
		41D3D8231EB0A0090015206E /* TestCVC.m in Sources */ = {isa = PBXBuildFile; fileRef = 41D3D8221EB0A0090015206E /* TestCVC.m */; };
		41D91E2E1DE5709B0012E561 /* UIButton+AppCore.m in Sources */ = {isa = PBXBuildFile; fileRef = 41D91E2D1DE5709B0012E561 /* UIButton+AppCore.m */; };
		41DCF4211DDC76E90076809C /* ACWebViewController.m in Sources */ = {isa = PBXBuildFile; fileRef = 41DCF4201DDC76E90076809C /* ACWebViewController.m */; };
		41DED3991DA64A7E00ADB3C1 /* NSIndexPath+AppCore.m in Sources */ = {isa = PBXBuildFile; fileRef = 41DED3981DA64A7E00ADB3C1 /* NSIndexPath+AppCore.m */; };
		41E228021DBE328B00E4334B /* NSNumber+AppCore.m in Sources */ = {isa = PBXBuildFile; fileRef = 41E228011DBE328B00E4334B /* NSNumber+AppCore.m */; };
/* End PBXBuildFile section */

/* Begin PBXContainerItemProxy section */
		4147026A1C6E147500F97990 /* PBXContainerItemProxy */ = {
			isa = PBXContainerItemProxy;
			containerPortal = 414702481C6E147500F97990 /* Project object */;
			proxyType = 1;
			remoteGlobalIDString = 4147024F1C6E147500F97990;
			remoteInfo = AppCore;
		};
/* End PBXContainerItemProxy section */

/* Begin PBXFileReference section */
		410FB38E1CA27C6F0079B2A2 /* TestTVC.h */ = {isa = PBXFileReference; fileEncoding = 4; lastKnownFileType = sourcecode.c.h; path = TestTVC.h; sourceTree = "<group>"; };
		410FB38F1CA27C6F0079B2A2 /* TestTVC.m */ = {isa = PBXFileReference; fileEncoding = 4; lastKnownFileType = sourcecode.c.objc; path = TestTVC.m; sourceTree = "<group>"; };
		410FB3921CA282330079B2A2 /* Base */ = {isa = PBXFileReference; lastKnownFileType = file.storyboard; name = Base; path = Base.lproj/Main_iPhone.storyboard; sourceTree = "<group>"; };
		410FB3941CA2824B0079B2A2 /* ViewController.h */ = {isa = PBXFileReference; fileEncoding = 4; lastKnownFileType = sourcecode.c.h; path = ViewController.h; sourceTree = "<group>"; };
		410FB3951CA2824B0079B2A2 /* ViewController.m */ = {isa = PBXFileReference; fileEncoding = 4; lastKnownFileType = sourcecode.c.objc; path = ViewController.m; sourceTree = "<group>"; };
		410FB3971CA2970F0079B2A2 /* DVAppCore.h */ = {isa = PBXFileReference; lastKnownFileType = sourcecode.c.h; path = DVAppCore.h; sourceTree = "<group>"; };
		41216DCC1C7700FA00543459 /* ACSingleton.h */ = {isa = PBXFileReference; fileEncoding = 4; lastKnownFileType = sourcecode.c.h; path = ACSingleton.h; sourceTree = "<group>"; };
		41216DCF1C77329400543459 /* ACDesignHelper.h */ = {isa = PBXFileReference; fileEncoding = 4; lastKnownFileType = sourcecode.c.h; path = ACDesignHelper.h; sourceTree = "<group>"; };
		41216DD01C77329400543459 /* ACDesignHelper.m */ = {isa = PBXFileReference; fileEncoding = 4; lastKnownFileType = sourcecode.c.objc; path = ACDesignHelper.m; sourceTree = "<group>"; };
		4123BEC923C9FFC300B1F3B0 /* ACKeyboardListener.h */ = {isa = PBXFileReference; lastKnownFileType = sourcecode.c.h; path = ACKeyboardListener.h; sourceTree = "<group>"; };
		4123BECA23C9FFC300B1F3B0 /* ACKeyboardListener.m */ = {isa = PBXFileReference; lastKnownFileType = sourcecode.c.objc; path = ACKeyboardListener.m; sourceTree = "<group>"; };
		4123BECC23CA17EE00B1F3B0 /* UINavigationItem+AppCore.h */ = {isa = PBXFileReference; lastKnownFileType = sourcecode.c.h; path = "UINavigationItem+AppCore.h"; sourceTree = "<group>"; };
		4123BECD23CA17EE00B1F3B0 /* UINavigationItem+AppCore.m */ = {isa = PBXFileReference; lastKnownFileType = sourcecode.c.objc; path = "UINavigationItem+AppCore.m"; sourceTree = "<group>"; };
		412F5EE81CF8679D006539CC /* NSLayoutConstraint+AppCore.h */ = {isa = PBXFileReference; fileEncoding = 4; lastKnownFileType = sourcecode.c.h; path = "NSLayoutConstraint+AppCore.h"; sourceTree = "<group>"; };
		412F5EE91CF8679D006539CC /* NSLayoutConstraint+AppCore.m */ = {isa = PBXFileReference; fileEncoding = 4; lastKnownFileType = sourcecode.c.objc; path = "NSLayoutConstraint+AppCore.m"; sourceTree = "<group>"; };
		412F5EEB1CF8682E006539CC /* UITableView+AppCore.h */ = {isa = PBXFileReference; fileEncoding = 4; lastKnownFileType = sourcecode.c.h; path = "UITableView+AppCore.h"; sourceTree = "<group>"; };
		412F5EEC1CF8682E006539CC /* UITableView+AppCore.m */ = {isa = PBXFileReference; fileEncoding = 4; lastKnownFileType = sourcecode.c.objc; path = "UITableView+AppCore.m"; sourceTree = "<group>"; };
		413091F41C71E3850080725C /* ACTemplateAppDelegate.h */ = {isa = PBXFileReference; fileEncoding = 4; lastKnownFileType = sourcecode.c.h; path = ACTemplateAppDelegate.h; sourceTree = "<group>"; };
		413091F51C71E3850080725C /* ACTemplateAppDelegate.m */ = {isa = PBXFileReference; fileEncoding = 4; lastKnownFileType = sourcecode.c.objc; path = ACTemplateAppDelegate.m; sourceTree = "<group>"; };
		413091F71C71F7080080725C /* ACTemplateTVC.h */ = {isa = PBXFileReference; fileEncoding = 4; lastKnownFileType = sourcecode.c.h; path = ACTemplateTVC.h; sourceTree = "<group>"; };
		413091F81C71F7080080725C /* ACTemplateTVC.m */ = {isa = PBXFileReference; fileEncoding = 4; lastKnownFileType = sourcecode.c.objc; path = ACTemplateTVC.m; sourceTree = "<group>"; };
		413091FA1C71F7860080725C /* UITableViewController+AppCore.h */ = {isa = PBXFileReference; fileEncoding = 4; lastKnownFileType = sourcecode.c.h; path = "UITableViewController+AppCore.h"; sourceTree = "<group>"; };
		413091FB1C71F7860080725C /* UITableViewController+AppCore.m */ = {isa = PBXFileReference; fileEncoding = 4; lastKnownFileType = sourcecode.c.objc; path = "UITableViewController+AppCore.m"; sourceTree = "<group>"; };
		413091FD1C71FB330080725C /* ACTemplateVC.h */ = {isa = PBXFileReference; fileEncoding = 4; lastKnownFileType = sourcecode.c.h; path = ACTemplateVC.h; sourceTree = "<group>"; };
		413091FE1C71FB330080725C /* ACTemplateVC.m */ = {isa = PBXFileReference; fileEncoding = 4; lastKnownFileType = sourcecode.c.objc; path = ACTemplateVC.m; sourceTree = "<group>"; };
		413092001C71FB850080725C /* ACTemplateTBC.h */ = {isa = PBXFileReference; fileEncoding = 4; lastKnownFileType = sourcecode.c.h; path = ACTemplateTBC.h; sourceTree = "<group>"; };
		413092011C71FB850080725C /* ACTemplateTBC.m */ = {isa = PBXFileReference; fileEncoding = 4; lastKnownFileType = sourcecode.c.objc; path = ACTemplateTBC.m; sourceTree = "<group>"; };
		413092031C72136C0080725C /* ACLog.h */ = {isa = PBXFileReference; fileEncoding = 4; lastKnownFileType = sourcecode.c.h; path = ACLog.h; sourceTree = "<group>"; };
		413092041C72136C0080725C /* ACLog.m */ = {isa = PBXFileReference; fileEncoding = 4; lastKnownFileType = sourcecode.c.objc; path = ACLog.m; sourceTree = "<group>"; };
		413092091C721DF80080725C /* NSURLRequest+AppCore.h */ = {isa = PBXFileReference; fileEncoding = 4; lastKnownFileType = sourcecode.c.h; path = "NSURLRequest+AppCore.h"; sourceTree = "<group>"; };
		4130920A1C721DF80080725C /* NSURLRequest+AppCore.m */ = {isa = PBXFileReference; fileEncoding = 4; lastKnownFileType = sourcecode.c.objc; path = "NSURLRequest+AppCore.m"; sourceTree = "<group>"; };
		4140830323C78EC8002BA171 /* ACLabel.h */ = {isa = PBXFileReference; lastKnownFileType = sourcecode.c.h; path = ACLabel.h; sourceTree = "<group>"; };
		4140830423C78EC8002BA171 /* ACLabel.m */ = {isa = PBXFileReference; lastKnownFileType = sourcecode.c.objc; path = ACLabel.m; sourceTree = "<group>"; };
		4140830623C78F88002BA171 /* ACTableViewCell.h */ = {isa = PBXFileReference; lastKnownFileType = sourcecode.c.h; path = ACTableViewCell.h; sourceTree = "<group>"; };
		4140830723C78F88002BA171 /* ACTableViewCell.m */ = {isa = PBXFileReference; lastKnownFileType = sourcecode.c.objc; path = ACTableViewCell.m; sourceTree = "<group>"; };
		414457B61C730AC000BF27FF /* NSData+AppCore.h */ = {isa = PBXFileReference; fileEncoding = 4; lastKnownFileType = sourcecode.c.h; path = "NSData+AppCore.h"; sourceTree = "<group>"; };
		414457B71C730AC000BF27FF /* NSData+AppCore.m */ = {isa = PBXFileReference; fileEncoding = 4; lastKnownFileType = sourcecode.c.objc; path = "NSData+AppCore.m"; sourceTree = "<group>"; };
		414457BC1C73456C00BF27FF /* ACContactsHelper.h */ = {isa = PBXFileReference; fileEncoding = 4; lastKnownFileType = sourcecode.c.h; path = ACContactsHelper.h; sourceTree = "<group>"; };
		414457BD1C73456C00BF27FF /* ACContactsHelper.m */ = {isa = PBXFileReference; fileEncoding = 4; lastKnownFileType = sourcecode.c.objc; path = ACContactsHelper.m; sourceTree = "<group>"; };
		414457BF1C734C0900BF27FF /* UITextView+AppCore.h */ = {isa = PBXFileReference; fileEncoding = 4; lastKnownFileType = sourcecode.c.h; path = "UITextView+AppCore.h"; sourceTree = "<group>"; };
		414457C01C734C0900BF27FF /* UITextView+AppCore.m */ = {isa = PBXFileReference; fileEncoding = 4; lastKnownFileType = sourcecode.c.objc; path = "UITextView+AppCore.m"; sourceTree = "<group>"; };
		414457C21C734FF300BF27FF /* UILabel+AppCore.h */ = {isa = PBXFileReference; fileEncoding = 4; lastKnownFileType = sourcecode.c.h; path = "UILabel+AppCore.h"; sourceTree = "<group>"; };
		414457C31C734FF300BF27FF /* UILabel+AppCore.m */ = {isa = PBXFileReference; fileEncoding = 4; lastKnownFileType = sourcecode.c.objc; path = "UILabel+AppCore.m"; sourceTree = "<group>"; };
		414457C81C735D7800BF27FF /* ACJsonObject.h */ = {isa = PBXFileReference; fileEncoding = 4; lastKnownFileType = sourcecode.c.h; path = ACJsonObject.h; sourceTree = "<group>"; };
		414457C91C735D7800BF27FF /* ACJsonObject.m */ = {isa = PBXFileReference; fileEncoding = 4; lastKnownFileType = sourcecode.c.objc; path = ACJsonObject.m; sourceTree = "<group>"; };
		414702501C6E147500F97990 /* DVAppCore.app */ = {isa = PBXFileReference; explicitFileType = wrapper.application; includeInIndex = 0; path = DVAppCore.app; sourceTree = BUILT_PRODUCTS_DIR; };
		414702541C6E147500F97990 /* main.m */ = {isa = PBXFileReference; lastKnownFileType = sourcecode.c.objc; path = main.m; sourceTree = "<group>"; };
		414702561C6E147500F97990 /* AppDelegate.h */ = {isa = PBXFileReference; lastKnownFileType = sourcecode.c.h; path = AppDelegate.h; sourceTree = "<group>"; };
		414702571C6E147500F97990 /* AppDelegate.m */ = {isa = PBXFileReference; lastKnownFileType = sourcecode.c.objc; path = AppDelegate.m; sourceTree = "<group>"; };
		4147025F1C6E147500F97990 /* Assets.xcassets */ = {isa = PBXFileReference; lastKnownFileType = folder.assetcatalog; path = Assets.xcassets; sourceTree = "<group>"; };
		414702641C6E147500F97990 /* Info.plist */ = {isa = PBXFileReference; lastKnownFileType = text.plist.xml; path = Info.plist; sourceTree = "<group>"; };
		414702691C6E147500F97990 /* DVAppCore.xctest */ = {isa = PBXFileReference; explicitFileType = wrapper.cfbundle; includeInIndex = 0; path = DVAppCore.xctest; sourceTree = BUILT_PRODUCTS_DIR; };
		4147026D1C6E147500F97990 /* NSCategoriesTests.m */ = {isa = PBXFileReference; lastKnownFileType = sourcecode.c.objc; path = NSCategoriesTests.m; sourceTree = "<group>"; };
		4147026F1C6E147500F97990 /* Info.plist */ = {isa = PBXFileReference; lastKnownFileType = text.plist.xml; path = Info.plist; sourceTree = "<group>"; };
		414702881C6E17EA00F97990 /* NSArray+AppCore.h */ = {isa = PBXFileReference; fileEncoding = 4; lastKnownFileType = sourcecode.c.h; path = "NSArray+AppCore.h"; sourceTree = "<group>"; };
		414702891C6E17EA00F97990 /* NSArray+AppCore.m */ = {isa = PBXFileReference; fileEncoding = 4; lastKnownFileType = sourcecode.c.objc; path = "NSArray+AppCore.m"; sourceTree = "<group>"; };
		4147028B1C6E182300F97990 /* NSString+AppCore.h */ = {isa = PBXFileReference; fileEncoding = 4; lastKnownFileType = sourcecode.c.h; path = "NSString+AppCore.h"; sourceTree = "<group>"; };
		4147028C1C6E182300F97990 /* NSString+AppCore.m */ = {isa = PBXFileReference; fileEncoding = 4; lastKnownFileType = sourcecode.c.objc; path = "NSString+AppCore.m"; sourceTree = "<group>"; };
		4147028E1C6E1C2700F97990 /* NSHTTPURLResponse+AppCore.h */ = {isa = PBXFileReference; fileEncoding = 4; lastKnownFileType = sourcecode.c.h; path = "NSHTTPURLResponse+AppCore.h"; sourceTree = "<group>"; };
		4147028F1C6E1C2700F97990 /* NSHTTPURLResponse+AppCore.m */ = {isa = PBXFileReference; fileEncoding = 4; lastKnownFileType = sourcecode.c.objc; path = "NSHTTPURLResponse+AppCore.m"; sourceTree = "<group>"; };
		414702911C6E1C7F00F97990 /* NSDate+AppCore.h */ = {isa = PBXFileReference; fileEncoding = 4; lastKnownFileType = sourcecode.c.h; path = "NSDate+AppCore.h"; sourceTree = "<group>"; };
		414702921C6E1C7F00F97990 /* NSDate+AppCore.m */ = {isa = PBXFileReference; fileEncoding = 4; lastKnownFileType = sourcecode.c.objc; path = "NSDate+AppCore.m"; sourceTree = "<group>"; };
		414702941C6E1D7100F97990 /* NSDictionary+AppCore.h */ = {isa = PBXFileReference; fileEncoding = 4; lastKnownFileType = sourcecode.c.h; path = "NSDictionary+AppCore.h"; sourceTree = "<group>"; };
		414702951C6E1D7100F97990 /* NSDictionary+AppCore.m */ = {isa = PBXFileReference; fileEncoding = 4; lastKnownFileType = sourcecode.c.objc; path = "NSDictionary+AppCore.m"; sourceTree = "<group>"; };
		414702971C6E1DAE00F97990 /* NSAttributedString+AppCore.h */ = {isa = PBXFileReference; fileEncoding = 4; lastKnownFileType = sourcecode.c.h; path = "NSAttributedString+AppCore.h"; sourceTree = "<group>"; };
		414702981C6E1DAE00F97990 /* NSAttributedString+AppCore.m */ = {isa = PBXFileReference; fileEncoding = 4; lastKnownFileType = sourcecode.c.objc; path = "NSAttributedString+AppCore.m"; sourceTree = "<group>"; };
		4147029A1C6E1ECF00F97990 /* NSObject+AppCore.h */ = {isa = PBXFileReference; fileEncoding = 4; lastKnownFileType = sourcecode.c.h; path = "NSObject+AppCore.h"; sourceTree = "<group>"; };
		4147029B1C6E1ECF00F97990 /* NSObject+AppCore.m */ = {isa = PBXFileReference; fileEncoding = 4; lastKnownFileType = sourcecode.c.objc; path = "NSObject+AppCore.m"; sourceTree = "<group>"; };
		4147029D1C6E1FB000F97990 /* UIColor+AppCore.h */ = {isa = PBXFileReference; fileEncoding = 4; lastKnownFileType = sourcecode.c.h; path = "UIColor+AppCore.h"; sourceTree = "<group>"; };
		4147029E1C6E1FB000F97990 /* UIColor+AppCore.m */ = {isa = PBXFileReference; fileEncoding = 4; lastKnownFileType = sourcecode.c.objc; path = "UIColor+AppCore.m"; sourceTree = "<group>"; };
		414702A01C6E207200F97990 /* UIImage+AppCore.h */ = {isa = PBXFileReference; fileEncoding = 4; lastKnownFileType = sourcecode.c.h; path = "UIImage+AppCore.h"; sourceTree = "<group>"; };
		414702A11C6E207200F97990 /* UIImage+AppCore.m */ = {isa = PBXFileReference; fileEncoding = 4; lastKnownFileType = sourcecode.c.objc; path = "UIImage+AppCore.m"; sourceTree = "<group>"; };
		414702A31C6E219900F97990 /* UIImageView+AppCore.h */ = {isa = PBXFileReference; fileEncoding = 4; lastKnownFileType = sourcecode.c.h; path = "UIImageView+AppCore.h"; sourceTree = "<group>"; };
		414702A41C6E219900F97990 /* UIImageView+AppCore.m */ = {isa = PBXFileReference; fileEncoding = 4; lastKnownFileType = sourcecode.c.objc; path = "UIImageView+AppCore.m"; sourceTree = "<group>"; };
		414702A61C6E21F500F97990 /* UINavigationController+AppCore.h */ = {isa = PBXFileReference; fileEncoding = 4; lastKnownFileType = sourcecode.c.h; path = "UINavigationController+AppCore.h"; sourceTree = "<group>"; };
		414702A71C6E21F500F97990 /* UINavigationController+AppCore.m */ = {isa = PBXFileReference; fileEncoding = 4; lastKnownFileType = sourcecode.c.objc; path = "UINavigationController+AppCore.m"; sourceTree = "<group>"; };
		414702A91C6E223000F97990 /* UITabBar+AppCore.h */ = {isa = PBXFileReference; fileEncoding = 4; lastKnownFileType = sourcecode.c.h; path = "UITabBar+AppCore.h"; sourceTree = "<group>"; };
		414702AA1C6E223000F97990 /* UITabBar+AppCore.m */ = {isa = PBXFileReference; fileEncoding = 4; lastKnownFileType = sourcecode.c.objc; path = "UITabBar+AppCore.m"; sourceTree = "<group>"; };
		414702AC1C6E232A00F97990 /* UITableViewCell+AppCore.h */ = {isa = PBXFileReference; fileEncoding = 4; lastKnownFileType = sourcecode.c.h; path = "UITableViewCell+AppCore.h"; sourceTree = "<group>"; };
		414702AD1C6E232A00F97990 /* UITableViewCell+AppCore.m */ = {isa = PBXFileReference; fileEncoding = 4; lastKnownFileType = sourcecode.c.objc; path = "UITableViewCell+AppCore.m"; sourceTree = "<group>"; };
		414702AF1C6E23FE00F97990 /* ACConstants.h */ = {isa = PBXFileReference; lastKnownFileType = sourcecode.c.h; path = ACConstants.h; sourceTree = "<group>"; };
		414702B01C6E24C100F97990 /* UIView+AppCore.h */ = {isa = PBXFileReference; fileEncoding = 4; lastKnownFileType = sourcecode.c.h; path = "UIView+AppCore.h"; sourceTree = "<group>"; };
		414702B11C6E24C100F97990 /* UIView+AppCore.m */ = {isa = PBXFileReference; fileEncoding = 4; lastKnownFileType = sourcecode.c.objc; path = "UIView+AppCore.m"; sourceTree = "<group>"; };
		414702B31C6E263000F97990 /* UIViewController+AppCore.h */ = {isa = PBXFileReference; fileEncoding = 4; lastKnownFileType = sourcecode.c.h; path = "UIViewController+AppCore.h"; sourceTree = "<group>"; };
		414702B41C6E263000F97990 /* UIViewController+AppCore.m */ = {isa = PBXFileReference; fileEncoding = 4; lastKnownFileType = sourcecode.c.objc; path = "UIViewController+AppCore.m"; sourceTree = "<group>"; };
		415FECF41C96A2900084F2CC /* ACCategories.h */ = {isa = PBXFileReference; lastKnownFileType = sourcecode.c.h; path = ACCategories.h; sourceTree = "<group>"; };
		415FECF51C96E3910084F2CC /* NSMutableURLRequest+AppCore.h */ = {isa = PBXFileReference; fileEncoding = 4; lastKnownFileType = sourcecode.c.h; path = "NSMutableURLRequest+AppCore.h"; sourceTree = "<group>"; };
		415FECF61C96E3910084F2CC /* NSMutableURLRequest+AppCore.m */ = {isa = PBXFileReference; fileEncoding = 4; lastKnownFileType = sourcecode.c.objc; path = "NSMutableURLRequest+AppCore.m"; sourceTree = "<group>"; };
		415FECF81C96E7630084F2CC /* ACPendingOperations.h */ = {isa = PBXFileReference; fileEncoding = 4; lastKnownFileType = sourcecode.c.h; path = ACPendingOperations.h; sourceTree = "<group>"; };
		415FECF91C96E7630084F2CC /* ACPendingOperations.m */ = {isa = PBXFileReference; fileEncoding = 4; lastKnownFileType = sourcecode.c.objc; path = ACPendingOperations.m; sourceTree = "<group>"; };
		416BD9641D460DE700A6AB37 /* ACLocalizationHelper.h */ = {isa = PBXFileReference; fileEncoding = 4; lastKnownFileType = sourcecode.c.h; path = ACLocalizationHelper.h; sourceTree = "<group>"; };
		416BD9651D460DE700A6AB37 /* ACLocalizationHelper.m */ = {isa = PBXFileReference; fileEncoding = 4; lastKnownFileType = sourcecode.c.objc; path = ACLocalizationHelper.m; sourceTree = "<group>"; };
		416BD96A1D46551B00A6AB37 /* ACUpdaterVCProtocol.h */ = {isa = PBXFileReference; lastKnownFileType = sourcecode.c.h; path = ACUpdaterVCProtocol.h; sourceTree = "<group>"; };
		41807FA21C9842DD00101829 /* UICategoriesTests.m */ = {isa = PBXFileReference; fileEncoding = 4; lastKnownFileType = sourcecode.c.objc; path = UICategoriesTests.m; sourceTree = "<group>"; };
		41807FA41C984D8A00101829 /* ACAssets.xcassets */ = {isa = PBXFileReference; lastKnownFileType = folder.assetcatalog; path = ACAssets.xcassets; sourceTree = "<group>"; };
		41807FA71C98584E00101829 /* JsonObjectTests.m */ = {isa = PBXFileReference; fileEncoding = 4; lastKnownFileType = sourcecode.c.objc; path = JsonObjectTests.m; sourceTree = "<group>"; };
		41807FAA1C985A6A00101829 /* SingletonTest.m */ = {isa = PBXFileReference; fileEncoding = 4; lastKnownFileType = sourcecode.c.objc; path = SingletonTest.m; sourceTree = "<group>"; };
		4183C41B1FBB24D900A2AFE3 /* NSCharacterSet+AppCore.h */ = {isa = PBXFileReference; lastKnownFileType = sourcecode.c.h; path = "NSCharacterSet+AppCore.h"; sourceTree = "<group>"; };
		4183C41C1FBB24D900A2AFE3 /* NSCharacterSet+AppCore.m */ = {isa = PBXFileReference; lastKnownFileType = sourcecode.c.objc; path = "NSCharacterSet+AppCore.m"; sourceTree = "<group>"; };
		418DF2F0219EB75300C6E7FC /* UIWindow+AppCore.h */ = {isa = PBXFileReference; lastKnownFileType = sourcecode.c.h; path = "UIWindow+AppCore.h"; sourceTree = "<group>"; };
		418DF2F1219EB75300C6E7FC /* UIWindow+AppCore.m */ = {isa = PBXFileReference; lastKnownFileType = sourcecode.c.objc; path = "UIWindow+AppCore.m"; sourceTree = "<group>"; };
		418DF2F3219EB80000C6E7FC /* ACLayoutModel.h */ = {isa = PBXFileReference; lastKnownFileType = sourcecode.c.h; path = ACLayoutModel.h; sourceTree = "<group>"; };
		418DF2F4219EB80000C6E7FC /* ACLayoutModel.m */ = {isa = PBXFileReference; lastKnownFileType = sourcecode.c.objc; path = ACLayoutModel.m; sourceTree = "<group>"; };
		418DF2F9219EB87D00C6E7FC /* ACDataModel.h */ = {isa = PBXFileReference; lastKnownFileType = sourcecode.c.h; path = ACDataModel.h; sourceTree = "<group>"; };
		418DF2FA219EB87D00C6E7FC /* ACDataModel.m */ = {isa = PBXFileReference; lastKnownFileType = sourcecode.c.objc; path = ACDataModel.m; sourceTree = "<group>"; };
		418DF2FC219EB89B00C6E7FC /* ACViewDescriber.h */ = {isa = PBXFileReference; lastKnownFileType = sourcecode.c.h; path = ACViewDescriber.h; sourceTree = "<group>"; };
		418DF2FD219EB89B00C6E7FC /* ACViewDescriber.m */ = {isa = PBXFileReference; lastKnownFileType = sourcecode.c.objc; path = ACViewDescriber.m; sourceTree = "<group>"; };
		418DF300219EB91200C6E7FC /* ACReusable.h */ = {isa = PBXFileReference; lastKnownFileType = sourcecode.c.h; path = ACReusable.h; sourceTree = "<group>"; };
		418DF301219EB93100C6E7FC /* ACHeightable.h */ = {isa = PBXFileReference; lastKnownFileType = sourcecode.c.h; path = ACHeightable.h; sourceTree = "<group>"; };
		418DF302219EB94C00C6E7FC /* ACDescribable.h */ = {isa = PBXFileReference; lastKnownFileType = sourcecode.c.h; path = ACDescribable.h; sourceTree = "<group>"; };
		418DF304219EBA1E00C6E7FC /* ACDesignableView.h */ = {isa = PBXFileReference; lastKnownFileType = sourcecode.c.h; path = ACDesignableView.h; sourceTree = "<group>"; };
		418DF305219EBA1E00C6E7FC /* ACDesignableView.m */ = {isa = PBXFileReference; lastKnownFileType = sourcecode.c.objc; path = ACDesignableView.m; sourceTree = "<group>"; };
		418DF307219EBA5D00C6E7FC /* ACDesignableView+Protected.h */ = {isa = PBXFileReference; lastKnownFileType = sourcecode.c.h; path = "ACDesignableView+Protected.h"; sourceTree = "<group>"; };
		418DF308219EBBB800C6E7FC /* UINib+AppCore.h */ = {isa = PBXFileReference; lastKnownFileType = sourcecode.c.h; path = "UINib+AppCore.h"; sourceTree = "<group>"; };
		418DF309219EBBB800C6E7FC /* UINib+AppCore.m */ = {isa = PBXFileReference; lastKnownFileType = sourcecode.c.objc; path = "UINib+AppCore.m"; sourceTree = "<group>"; };
		418DF30B219EBD1700C6E7FC /* UICollectionView+AppCore.h */ = {isa = PBXFileReference; lastKnownFileType = sourcecode.c.h; path = "UICollectionView+AppCore.h"; sourceTree = "<group>"; };
		418DF30C219EBD1700C6E7FC /* UICollectionView+AppCore.m */ = {isa = PBXFileReference; lastKnownFileType = sourcecode.c.objc; path = "UICollectionView+AppCore.m"; sourceTree = "<group>"; };
		418DF30F219EBDCF00C6E7FC /* ACSectionDescriber.h */ = {isa = PBXFileReference; lastKnownFileType = sourcecode.c.h; path = ACSectionDescriber.h; sourceTree = "<group>"; };
		418DF310219EBDCF00C6E7FC /* ACSectionDescriber.m */ = {isa = PBXFileReference; lastKnownFileType = sourcecode.c.objc; path = ACSectionDescriber.m; sourceTree = "<group>"; };
		418DF312219ED56300C6E7FC /* ACTemplateExtendedTVC.h */ = {isa = PBXFileReference; lastKnownFileType = sourcecode.c.h; path = ACTemplateExtendedTVC.h; sourceTree = "<group>"; };
		418DF313219ED56300C6E7FC /* ACTemplateExtendedTVC.m */ = {isa = PBXFileReference; lastKnownFileType = sourcecode.c.objc; path = ACTemplateExtendedTVC.m; sourceTree = "<group>"; };
		418DF315219ED6CD00C6E7FC /* ACAsynchronousOperation.h */ = {isa = PBXFileReference; lastKnownFileType = sourcecode.c.h; path = ACAsynchronousOperation.h; sourceTree = "<group>"; };
		418DF316219ED6CD00C6E7FC /* ACAsynchronousOperation.m */ = {isa = PBXFileReference; lastKnownFileType = sourcecode.c.objc; path = ACAsynchronousOperation.m; sourceTree = "<group>"; };
		418DF318219ED7C700C6E7FC /* ACAsyncBlockOperation.h */ = {isa = PBXFileReference; lastKnownFileType = sourcecode.c.h; path = ACAsyncBlockOperation.h; sourceTree = "<group>"; };
		418DF319219ED7C700C6E7FC /* ACAsyncBlockOperation.m */ = {isa = PBXFileReference; lastKnownFileType = sourcecode.c.objc; path = ACAsyncBlockOperation.m; sourceTree = "<group>"; };
		418DF31B219ED84700C6E7FC /* NSOperationQueue+AppCore.h */ = {isa = PBXFileReference; lastKnownFileType = sourcecode.c.h; path = "NSOperationQueue+AppCore.h"; sourceTree = "<group>"; };
		418DF31C219ED84700C6E7FC /* NSOperationQueue+AppCore.m */ = {isa = PBXFileReference; lastKnownFileType = sourcecode.c.objc; path = "NSOperationQueue+AppCore.m"; sourceTree = "<group>"; };
		418F71B22229B073008035CF /* NSURLRequest+AppCore+Protected.h */ = {isa = PBXFileReference; lastKnownFileType = sourcecode.c.h; path = "NSURLRequest+AppCore+Protected.h"; sourceTree = "<group>"; };
		41902D9921A3E75000846DFB /* ACViewDescriberAssembly.h */ = {isa = PBXFileReference; lastKnownFileType = sourcecode.c.h; path = ACViewDescriberAssembly.h; sourceTree = "<group>"; };
		419265B11ECB27D400C7A876 /* UINavigationBar+AppCore.h */ = {isa = PBXFileReference; fileEncoding = 4; lastKnownFileType = sourcecode.c.h; path = "UINavigationBar+AppCore.h"; sourceTree = "<group>"; };
		419265B21ECB27D400C7A876 /* UINavigationBar+AppCore.m */ = {isa = PBXFileReference; fileEncoding = 4; lastKnownFileType = sourcecode.c.objc; path = "UINavigationBar+AppCore.m"; sourceTree = "<group>"; };
		4195D54621B9053C00D44C9B /* ACTemplateRouter.h */ = {isa = PBXFileReference; lastKnownFileType = sourcecode.c.h; path = ACTemplateRouter.h; sourceTree = "<group>"; };
		4195D54721B9053C00D44C9B /* ACTemplateRouter.m */ = {isa = PBXFileReference; lastKnownFileType = sourcecode.c.objc; path = ACTemplateRouter.m; sourceTree = "<group>"; };
		4195D54A21B9059800D44C9B /* ACTemplateRouter+Protected.h */ = {isa = PBXFileReference; lastKnownFileType = sourcecode.c.h; path = "ACTemplateRouter+Protected.h"; sourceTree = "<group>"; };
		41A3DDE41EA603A3005A7849 /* UIFont+AppCore.h */ = {isa = PBXFileReference; fileEncoding = 4; lastKnownFileType = sourcecode.c.h; path = "UIFont+AppCore.h"; sourceTree = "<group>"; };
		41A3DDE51EA603A3005A7849 /* UIFont+AppCore.m */ = {isa = PBXFileReference; fileEncoding = 4; lastKnownFileType = sourcecode.c.objc; path = "UIFont+AppCore.m"; sourceTree = "<group>"; };
		41AC959D1DE47ABD0006C776 /* ACImagePicker.h */ = {isa = PBXFileReference; fileEncoding = 4; lastKnownFileType = sourcecode.c.h; path = ACImagePicker.h; sourceTree = "<group>"; };
		41AC959E1DE47ABD0006C776 /* ACImagePicker.m */ = {isa = PBXFileReference; fileEncoding = 4; lastKnownFileType = sourcecode.c.objc; path = ACImagePicker.m; sourceTree = "<group>"; };
		41B052961CEB4A7B007D2F79 /* NSLayoutConstraintHairline.h */ = {isa = PBXFileReference; fileEncoding = 4; lastKnownFileType = sourcecode.c.h; path = NSLayoutConstraintHairline.h; sourceTree = "<group>"; };
		41B052971CEB4A7B007D2F79 /* NSLayoutConstraintHairline.m */ = {isa = PBXFileReference; fileEncoding = 4; lastKnownFileType = sourcecode.c.objc; path = NSLayoutConstraintHairline.m; sourceTree = "<group>"; };
		41B1836B1CDB201000A9023B /* ACLocationHelper.h */ = {isa = PBXFileReference; fileEncoding = 4; lastKnownFileType = sourcecode.c.h; path = ACLocationHelper.h; sourceTree = "<group>"; };
		41B1836C1CDB201000A9023B /* ACLocationHelper.m */ = {isa = PBXFileReference; fileEncoding = 4; lastKnownFileType = sourcecode.c.objc; path = ACLocationHelper.m; sourceTree = "<group>"; };
		41B331221D58C70E00504F19 /* UIBarButtonItem+AppCore.h */ = {isa = PBXFileReference; fileEncoding = 4; lastKnownFileType = sourcecode.c.h; path = "UIBarButtonItem+AppCore.h"; sourceTree = "<group>"; };
		41B331231D58C70E00504F19 /* UIBarButtonItem+AppCore.m */ = {isa = PBXFileReference; fileEncoding = 4; lastKnownFileType = sourcecode.c.objc; path = "UIBarButtonItem+AppCore.m"; sourceTree = "<group>"; };
		41BFF1251CAD0FFD00DC8C16 /* ContactObjectTests.m */ = {isa = PBXFileReference; fileEncoding = 4; lastKnownFileType = sourcecode.c.objc; path = ContactObjectTests.m; sourceTree = "<group>"; };
		41C177371DC32DA2001CE503 /* NSMutableArray+AppCore.h */ = {isa = PBXFileReference; fileEncoding = 4; lastKnownFileType = sourcecode.c.h; path = "NSMutableArray+AppCore.h"; sourceTree = "<group>"; };
		41C177381DC32DA2001CE503 /* NSMutableArray+AppCore.m */ = {isa = PBXFileReference; fileEncoding = 4; lastKnownFileType = sourcecode.c.objc; path = "NSMutableArray+AppCore.m"; sourceTree = "<group>"; };
		41C439E31DCC888B005ECE87 /* UIDevice+AppCore.h */ = {isa = PBXFileReference; fileEncoding = 4; lastKnownFileType = sourcecode.c.h; path = "UIDevice+AppCore.h"; sourceTree = "<group>"; };
		41C439E41DCC888B005ECE87 /* UIDevice+AppCore.m */ = {isa = PBXFileReference; fileEncoding = 4; lastKnownFileType = sourcecode.c.objc; path = "UIDevice+AppCore.m"; sourceTree = "<group>"; };
		41C58BFB1C7AFD1F008FEADD /* NSNotificationCenter+AppCore.h */ = {isa = PBXFileReference; fileEncoding = 4; lastKnownFileType = sourcecode.c.h; path = "NSNotificationCenter+AppCore.h"; sourceTree = "<group>"; };
		41C58BFC1C7AFD1F008FEADD /* NSNotificationCenter+AppCore.m */ = {isa = PBXFileReference; fileEncoding = 4; lastKnownFileType = sourcecode.c.objc; path = "NSNotificationCenter+AppCore.m"; sourceTree = "<group>"; };
		41C58BFE1C7B2C6C008FEADD /* ACRouter.h */ = {isa = PBXFileReference; fileEncoding = 4; lastKnownFileType = sourcecode.c.h; path = ACRouter.h; sourceTree = "<group>"; };
		41C58BFF1C7B2C6C008FEADD /* ACRouter.m */ = {isa = PBXFileReference; fileEncoding = 4; lastKnownFileType = sourcecode.c.objc; path = ACRouter.m; sourceTree = "<group>"; };
		41C58C021C7B4BC7008FEADD /* ACDataKeeper.h */ = {isa = PBXFileReference; fileEncoding = 4; lastKnownFileType = sourcecode.c.h; path = ACDataKeeper.h; sourceTree = "<group>"; };
		41C58C031C7B4BC7008FEADD /* ACDataKeeper.m */ = {isa = PBXFileReference; fileEncoding = 4; lastKnownFileType = sourcecode.c.objc; path = ACDataKeeper.m; sourceTree = "<group>"; };
		41C6620F1CD878C300ED81CA /* ACTemplateCVC.h */ = {isa = PBXFileReference; fileEncoding = 4; lastKnownFileType = sourcecode.c.h; path = ACTemplateCVC.h; sourceTree = "<group>"; };
		41C662101CD878C300ED81CA /* ACTemplateCVC.m */ = {isa = PBXFileReference; fileEncoding = 4; lastKnownFileType = sourcecode.c.objc; path = ACTemplateCVC.m; sourceTree = "<group>"; };
		41C662121CD8804300ED81CA /* ACTemplatePVC.h */ = {isa = PBXFileReference; fileEncoding = 4; lastKnownFileType = sourcecode.c.h; path = ACTemplatePVC.h; sourceTree = "<group>"; };
		41C662131CD8804300ED81CA /* ACTemplatePVC.m */ = {isa = PBXFileReference; fileEncoding = 4; lastKnownFileType = sourcecode.c.objc; path = ACTemplatePVC.m; sourceTree = "<group>"; };
		41D3D81A1EB09DAA0015206E /* ACRefreshProtocol.h */ = {isa = PBXFileReference; lastKnownFileType = sourcecode.c.h; path = ACRefreshProtocol.h; sourceTree = "<group>"; };
		41D3D81E1EB09E610015206E /* UICollectionViewController+AppCore.h */ = {isa = PBXFileReference; fileEncoding = 4; lastKnownFileType = sourcecode.c.h; path = "UICollectionViewController+AppCore.h"; sourceTree = "<group>"; };
		41D3D81F1EB09E610015206E /* UICollectionViewController+AppCore.m */ = {isa = PBXFileReference; fileEncoding = 4; lastKnownFileType = sourcecode.c.objc; path = "UICollectionViewController+AppCore.m"; sourceTree = "<group>"; };
		41D3D8211EB0A0090015206E /* TestCVC.h */ = {isa = PBXFileReference; fileEncoding = 4; lastKnownFileType = sourcecode.c.h; path = TestCVC.h; sourceTree = "<group>"; };
		41D3D8221EB0A0090015206E /* TestCVC.m */ = {isa = PBXFileReference; fileEncoding = 4; lastKnownFileType = sourcecode.c.objc; path = TestCVC.m; sourceTree = "<group>"; };
		41D91E2C1DE5709B0012E561 /* UIButton+AppCore.h */ = {isa = PBXFileReference; fileEncoding = 4; lastKnownFileType = sourcecode.c.h; path = "UIButton+AppCore.h"; sourceTree = "<group>"; };
		41D91E2D1DE5709B0012E561 /* UIButton+AppCore.m */ = {isa = PBXFileReference; fileEncoding = 4; lastKnownFileType = sourcecode.c.objc; path = "UIButton+AppCore.m"; sourceTree = "<group>"; };
		41DCF41F1DDC76E90076809C /* ACWebViewController.h */ = {isa = PBXFileReference; fileEncoding = 4; lastKnownFileType = sourcecode.c.h; name = ACWebViewController.h; path = Controllers/ACWebViewController.h; sourceTree = "<group>"; };
		41DCF4201DDC76E90076809C /* ACWebViewController.m */ = {isa = PBXFileReference; fileEncoding = 4; lastKnownFileType = sourcecode.c.objc; name = ACWebViewController.m; path = Controllers/ACWebViewController.m; sourceTree = "<group>"; };
		41DED3971DA64A7E00ADB3C1 /* NSIndexPath+AppCore.h */ = {isa = PBXFileReference; fileEncoding = 4; lastKnownFileType = sourcecode.c.h; path = "NSIndexPath+AppCore.h"; sourceTree = "<group>"; };
		41DED3981DA64A7E00ADB3C1 /* NSIndexPath+AppCore.m */ = {isa = PBXFileReference; fileEncoding = 4; lastKnownFileType = sourcecode.c.objc; path = "NSIndexPath+AppCore.m"; sourceTree = "<group>"; };
		41E228001DBE328B00E4334B /* NSNumber+AppCore.h */ = {isa = PBXFileReference; fileEncoding = 4; lastKnownFileType = sourcecode.c.h; path = "NSNumber+AppCore.h"; sourceTree = "<group>"; };
		41E228011DBE328B00E4334B /* NSNumber+AppCore.m */ = {isa = PBXFileReference; fileEncoding = 4; lastKnownFileType = sourcecode.c.objc; path = "NSNumber+AppCore.m"; sourceTree = "<group>"; };
/* End PBXFileReference section */

/* Begin PBXFrameworksBuildPhase section */
		4147024D1C6E147500F97990 /* Frameworks */ = {
			isa = PBXFrameworksBuildPhase;
			buildActionMask = 2147483647;
			files = (
			);
			runOnlyForDeploymentPostprocessing = 0;
		};
		414702661C6E147500F97990 /* Frameworks */ = {
			isa = PBXFrameworksBuildPhase;
			buildActionMask = 2147483647;
			files = (
			);
			runOnlyForDeploymentPostprocessing = 0;
		};
/* End PBXFrameworksBuildPhase section */

/* Begin PBXGroup section */
		410E47F31C7AF483001CEDDA /* Design */ = {
			isa = PBXGroup;
			children = (
				41216DCF1C77329400543459 /* ACDesignHelper.h */,
				41216DD01C77329400543459 /* ACDesignHelper.m */,
			);
			name = Design;
			sourceTree = "<group>";
		};
		410E47F41C7AF497001CEDDA /* Logging */ = {
			isa = PBXGroup;
			children = (
				413092031C72136C0080725C /* ACLog.h */,
				413092041C72136C0080725C /* ACLog.m */,
			);
			name = Logging;
			sourceTree = "<group>";
		};
		4123621F1C7C534800D4B0E9 /* Contacts */ = {
			isa = PBXGroup;
			children = (
				414457BC1C73456C00BF27FF /* ACContactsHelper.h */,
				414457BD1C73456C00BF27FF /* ACContactsHelper.m */,
			);
			name = Contacts;
			sourceTree = "<group>";
		};
		4123BEC823C9FF9C00B1F3B0 /* KeyboardListener */ = {
			isa = PBXGroup;
			children = (
				4123BEC923C9FFC300B1F3B0 /* ACKeyboardListener.h */,
				4123BECA23C9FFC300B1F3B0 /* ACKeyboardListener.m */,
			);
			name = KeyboardListener;
			sourceTree = "<group>";
		};
		413092061C72137C0080725C /* Helpers */ = {
			isa = PBXGroup;
			children = (
				4123BEC823C9FF9C00B1F3B0 /* KeyboardListener */,
				4123621F1C7C534800D4B0E9 /* Contacts */,
				41C58C051C7B4BCA008FEADD /* DataKeeper */,
				410E47F31C7AF483001CEDDA /* Design */,
				41AC95A01DE47AC00006C776 /* ImagePicker */,
				410E47F41C7AF497001CEDDA /* Logging */,
				415FECFB1C96E7690084F2CC /* Operation */,
				41C58C011C7B2C70008FEADD /* Router */,
				41B1836E1CDB201400A9023B /* Location */,
				416BD9631D460CF900A6AB37 /* Localization */,
				414702AF1C6E23FE00F97990 /* ACConstants.h */,
			);
			path = Helpers;
			sourceTree = "<group>";
		};
		4140830023C78E38002BA171 /* Describable */ = {
			isa = PBXGroup;
			children = (
				418DF2F8219EB86700C6E7FC /* Models */,
				418DF2FF219EB8F900C6E7FC /* Protocols */,
				418DF303219EBA0700C6E7FC /* DesignableView */,
			);
			path = Describable;
			sourceTree = "<group>";
		};
		4140830123C78E4C002BA171 /* LayoutConstraintHairline */ = {
			isa = PBXGroup;
			children = (
				41B052961CEB4A7B007D2F79 /* NSLayoutConstraintHairline.h */,
				41B052971CEB4A7B007D2F79 /* NSLayoutConstraintHairline.m */,
			);
			path = LayoutConstraintHairline;
			sourceTree = "<group>";
		};
		4140830223C78EA1002BA171 /* Views */ = {
			isa = PBXGroup;
			children = (
				4140830023C78E38002BA171 /* Describable */,
				4140830123C78E4C002BA171 /* LayoutConstraintHairline */,
				4140830323C78EC8002BA171 /* ACLabel.h */,
				4140830423C78EC8002BA171 /* ACLabel.m */,
				4140830623C78F88002BA171 /* ACTableViewCell.h */,
				4140830723C78F88002BA171 /* ACTableViewCell.m */,
			);
			path = Views;
			sourceTree = "<group>";
		};
		414457CB1C735D7B00BF27FF /* Models */ = {
			isa = PBXGroup;
			children = (
				414457C81C735D7800BF27FF /* ACJsonObject.h */,
				414457C91C735D7800BF27FF /* ACJsonObject.m */,
				41216DCC1C7700FA00543459 /* ACSingleton.h */,
			);
			path = Models;
			sourceTree = "<group>";
		};
		414702471C6E147500F97990 = {
			isa = PBXGroup;
			children = (
				414702521C6E147500F97990 /* DVAppCore */,
				4147027B1C6E151F00F97990 /* DVAppCoreExample */,
				4147026C1C6E147500F97990 /* DVAppCoreTests */,
				414702511C6E147500F97990 /* Products */,
			);
			sourceTree = "<group>";
		};
		414702511C6E147500F97990 /* Products */ = {
			isa = PBXGroup;
			children = (
				414702501C6E147500F97990 /* DVAppCore.app */,
				414702691C6E147500F97990 /* DVAppCore.xctest */,
			);
			name = Products;
			sourceTree = "<group>";
		};
		414702521C6E147500F97990 /* DVAppCore */ = {
			isa = PBXGroup;
			children = (
				4147027C1C6E166C00F97990 /* Categories */,
				4140830223C78EA1002BA171 /* Views */,
				414702811C6E166C00F97990 /* Templates */,
				413092061C72137C0080725C /* Helpers */,
				414457CB1C735D7B00BF27FF /* Models */,
				41DCF4221DDC76EF0076809C /* Controllers */,
				41807FA41C984D8A00101829 /* ACAssets.xcassets */,
				410FB3971CA2970F0079B2A2 /* DVAppCore.h */,
			);
			path = DVAppCore;
			sourceTree = "<group>";
		};
		414702531C6E147500F97990 /* Supporting Files */ = {
			isa = PBXGroup;
			children = (
				4147025F1C6E147500F97990 /* Assets.xcassets */,
				414702641C6E147500F97990 /* Info.plist */,
				414702541C6E147500F97990 /* main.m */,
			);
			name = "Supporting Files";
			sourceTree = "<group>";
		};
		4147026C1C6E147500F97990 /* DVAppCoreTests */ = {
			isa = PBXGroup;
			children = (
				41807FA61C98580000101829 /* Categories */,
				41807FA91C98586600101829 /* Models */,
				4147026F1C6E147500F97990 /* Info.plist */,
			);
			path = DVAppCoreTests;
			sourceTree = "<group>";
		};
		414702781C6E14DF00F97990 /* Storyboards */ = {
			isa = PBXGroup;
			children = (
				410FB3911CA282330079B2A2 /* Main_iPhone.storyboard */,
			);
			name = Storyboards;
			sourceTree = "<group>";
		};
		414702791C6E14EE00F97990 /* Controllers */ = {
			isa = PBXGroup;
			children = (
				410FB3941CA2824B0079B2A2 /* ViewController.h */,
				410FB3951CA2824B0079B2A2 /* ViewController.m */,
				410FB38E1CA27C6F0079B2A2 /* TestTVC.h */,
				410FB38F1CA27C6F0079B2A2 /* TestTVC.m */,
				41D3D8211EB0A0090015206E /* TestCVC.h */,
				41D3D8221EB0A0090015206E /* TestCVC.m */,
			);
			name = Controllers;
			sourceTree = "<group>";
		};
		4147027A1C6E14F500F97990 /* Other */ = {
			isa = PBXGroup;
			children = (
				414702561C6E147500F97990 /* AppDelegate.h */,
				414702571C6E147500F97990 /* AppDelegate.m */,
			);
			name = Other;
			sourceTree = "<group>";
		};
		4147027B1C6E151F00F97990 /* DVAppCoreExample */ = {
			isa = PBXGroup;
			children = (
				4147027A1C6E14F500F97990 /* Other */,
				414702791C6E14EE00F97990 /* Controllers */,
				414702781C6E14DF00F97990 /* Storyboards */,
				414702531C6E147500F97990 /* Supporting Files */,
			);
			name = DVAppCoreExample;
			path = DVAppCore_Example;
			sourceTree = "<group>";
		};
		4147027C1C6E166C00F97990 /* Categories */ = {
			isa = PBXGroup;
			children = (
				414702831C6E16E600F97990 /* NS */,
				414702841C6E16F200F97990 /* UI */,
				415FECF41C96A2900084F2CC /* ACCategories.h */,
			);
			path = Categories;
			sourceTree = "<group>";
		};
		414702811C6E166C00F97990 /* Templates */ = {
			isa = PBXGroup;
			children = (
				4195D54921B9053F00D44C9B /* Router */,
				418DF30E219EBDBD00C6E7FC /* Extended */,
				416BD96A1D46551B00A6AB37 /* ACUpdaterVCProtocol.h */,
				413091F41C71E3850080725C /* ACTemplateAppDelegate.h */,
				413091F51C71E3850080725C /* ACTemplateAppDelegate.m */,
				413092001C71FB850080725C /* ACTemplateTBC.h */,
				413092011C71FB850080725C /* ACTemplateTBC.m */,
				413091FD1C71FB330080725C /* ACTemplateVC.h */,
				413091FE1C71FB330080725C /* ACTemplateVC.m */,
				413091F71C71F7080080725C /* ACTemplateTVC.h */,
				413091F81C71F7080080725C /* ACTemplateTVC.m */,
				41C6620F1CD878C300ED81CA /* ACTemplateCVC.h */,
				41C662101CD878C300ED81CA /* ACTemplateCVC.m */,
				41C662121CD8804300ED81CA /* ACTemplatePVC.h */,
				41C662131CD8804300ED81CA /* ACTemplatePVC.m */,
			);
			path = Templates;
			sourceTree = "<group>";
		};
		414702831C6E16E600F97990 /* NS */ = {
			isa = PBXGroup;
			children = (
				414702881C6E17EA00F97990 /* NSArray+AppCore.h */,
				414702891C6E17EA00F97990 /* NSArray+AppCore.m */,
				414702971C6E1DAE00F97990 /* NSAttributedString+AppCore.h */,
				414702981C6E1DAE00F97990 /* NSAttributedString+AppCore.m */,
				4183C41B1FBB24D900A2AFE3 /* NSCharacterSet+AppCore.h */,
				4183C41C1FBB24D900A2AFE3 /* NSCharacterSet+AppCore.m */,
				414457B61C730AC000BF27FF /* NSData+AppCore.h */,
				414457B71C730AC000BF27FF /* NSData+AppCore.m */,
				414702911C6E1C7F00F97990 /* NSDate+AppCore.h */,
				414702921C6E1C7F00F97990 /* NSDate+AppCore.m */,
				414702941C6E1D7100F97990 /* NSDictionary+AppCore.h */,
				414702951C6E1D7100F97990 /* NSDictionary+AppCore.m */,
				41DED3971DA64A7E00ADB3C1 /* NSIndexPath+AppCore.h */,
				41DED3981DA64A7E00ADB3C1 /* NSIndexPath+AppCore.m */,
				4147028E1C6E1C2700F97990 /* NSHTTPURLResponse+AppCore.h */,
				4147028F1C6E1C2700F97990 /* NSHTTPURLResponse+AppCore.m */,
				412F5EE81CF8679D006539CC /* NSLayoutConstraint+AppCore.h */,
				412F5EE91CF8679D006539CC /* NSLayoutConstraint+AppCore.m */,
				41C177371DC32DA2001CE503 /* NSMutableArray+AppCore.h */,
				41C177381DC32DA2001CE503 /* NSMutableArray+AppCore.m */,
				415FECF51C96E3910084F2CC /* NSMutableURLRequest+AppCore.h */,
				415FECF61C96E3910084F2CC /* NSMutableURLRequest+AppCore.m */,
				41C58BFB1C7AFD1F008FEADD /* NSNotificationCenter+AppCore.h */,
				41C58BFC1C7AFD1F008FEADD /* NSNotificationCenter+AppCore.m */,
				41E228001DBE328B00E4334B /* NSNumber+AppCore.h */,
				41E228011DBE328B00E4334B /* NSNumber+AppCore.m */,
				4147029A1C6E1ECF00F97990 /* NSObject+AppCore.h */,
				4147029B1C6E1ECF00F97990 /* NSObject+AppCore.m */,
				418DF31B219ED84700C6E7FC /* NSOperationQueue+AppCore.h */,
				418DF31C219ED84700C6E7FC /* NSOperationQueue+AppCore.m */,
				4147028B1C6E182300F97990 /* NSString+AppCore.h */,
				4147028C1C6E182300F97990 /* NSString+AppCore.m */,
				418F71B22229B073008035CF /* NSURLRequest+AppCore+Protected.h */,
				413092091C721DF80080725C /* NSURLRequest+AppCore.h */,
				4130920A1C721DF80080725C /* NSURLRequest+AppCore.m */,
			);
			name = NS;
			sourceTree = "<group>";
		};
		414702841C6E16F200F97990 /* UI */ = {
			isa = PBXGroup;
			children = (
				41B331221D58C70E00504F19 /* UIBarButtonItem+AppCore.h */,
				41B331231D58C70E00504F19 /* UIBarButtonItem+AppCore.m */,
				41D91E2C1DE5709B0012E561 /* UIButton+AppCore.h */,
				41D91E2D1DE5709B0012E561 /* UIButton+AppCore.m */,
				418DF30B219EBD1700C6E7FC /* UICollectionView+AppCore.h */,
				418DF30C219EBD1700C6E7FC /* UICollectionView+AppCore.m */,
				41D3D81E1EB09E610015206E /* UICollectionViewController+AppCore.h */,
				41D3D81F1EB09E610015206E /* UICollectionViewController+AppCore.m */,
				4147029D1C6E1FB000F97990 /* UIColor+AppCore.h */,
				4147029E1C6E1FB000F97990 /* UIColor+AppCore.m */,
				41C439E31DCC888B005ECE87 /* UIDevice+AppCore.h */,
				41C439E41DCC888B005ECE87 /* UIDevice+AppCore.m */,
				41A3DDE41EA603A3005A7849 /* UIFont+AppCore.h */,
				41A3DDE51EA603A3005A7849 /* UIFont+AppCore.m */,
				414702A01C6E207200F97990 /* UIImage+AppCore.h */,
				414702A11C6E207200F97990 /* UIImage+AppCore.m */,
				414702A31C6E219900F97990 /* UIImageView+AppCore.h */,
				414702A41C6E219900F97990 /* UIImageView+AppCore.m */,
				414457C21C734FF300BF27FF /* UILabel+AppCore.h */,
				414457C31C734FF300BF27FF /* UILabel+AppCore.m */,
				419265B11ECB27D400C7A876 /* UINavigationBar+AppCore.h */,
				419265B21ECB27D400C7A876 /* UINavigationBar+AppCore.m */,
				414702A61C6E21F500F97990 /* UINavigationController+AppCore.h */,
				414702A71C6E21F500F97990 /* UINavigationController+AppCore.m */,
				4123BECC23CA17EE00B1F3B0 /* UINavigationItem+AppCore.h */,
				4123BECD23CA17EE00B1F3B0 /* UINavigationItem+AppCore.m */,
				418DF308219EBBB800C6E7FC /* UINib+AppCore.h */,
				418DF309219EBBB800C6E7FC /* UINib+AppCore.m */,
				414702A91C6E223000F97990 /* UITabBar+AppCore.h */,
				414702AA1C6E223000F97990 /* UITabBar+AppCore.m */,
				412F5EEB1CF8682E006539CC /* UITableView+AppCore.h */,
				412F5EEC1CF8682E006539CC /* UITableView+AppCore.m */,
				414702AC1C6E232A00F97990 /* UITableViewCell+AppCore.h */,
				414702AD1C6E232A00F97990 /* UITableViewCell+AppCore.m */,
				413091FA1C71F7860080725C /* UITableViewController+AppCore.h */,
				413091FB1C71F7860080725C /* UITableViewController+AppCore.m */,
				414457BF1C734C0900BF27FF /* UITextView+AppCore.h */,
				414457C01C734C0900BF27FF /* UITextView+AppCore.m */,
				414702B01C6E24C100F97990 /* UIView+AppCore.h */,
				414702B11C6E24C100F97990 /* UIView+AppCore.m */,
				414702B31C6E263000F97990 /* UIViewController+AppCore.h */,
				414702B41C6E263000F97990 /* UIViewController+AppCore.m */,
				41D3D81A1EB09DAA0015206E /* ACRefreshProtocol.h */,
				418DF2F0219EB75300C6E7FC /* UIWindow+AppCore.h */,
				418DF2F1219EB75300C6E7FC /* UIWindow+AppCore.m */,
			);
			name = UI;
			sourceTree = "<group>";
		};
		415FECFB1C96E7690084F2CC /* Operation */ = {
			isa = PBXGroup;
			children = (
				415FECF81C96E7630084F2CC /* ACPendingOperations.h */,
				415FECF91C96E7630084F2CC /* ACPendingOperations.m */,
				418DF315219ED6CD00C6E7FC /* ACAsynchronousOperation.h */,
				418DF316219ED6CD00C6E7FC /* ACAsynchronousOperation.m */,
				418DF318219ED7C700C6E7FC /* ACAsyncBlockOperation.h */,
				418DF319219ED7C700C6E7FC /* ACAsyncBlockOperation.m */,
			);
			name = Operation;
			sourceTree = "<group>";
		};
		416BD9631D460CF900A6AB37 /* Localization */ = {
			isa = PBXGroup;
			children = (
				416BD9641D460DE700A6AB37 /* ACLocalizationHelper.h */,
				416BD9651D460DE700A6AB37 /* ACLocalizationHelper.m */,
			);
			name = Localization;
			sourceTree = "<group>";
		};
		41807FA61C98580000101829 /* Categories */ = {
			isa = PBXGroup;
			children = (
				4147026D1C6E147500F97990 /* NSCategoriesTests.m */,
				41807FA21C9842DD00101829 /* UICategoriesTests.m */,
			);
			name = Categories;
			sourceTree = "<group>";
		};
		41807FA91C98586600101829 /* Models */ = {
			isa = PBXGroup;
			children = (
				41807FA71C98584E00101829 /* JsonObjectTests.m */,
				41807FAA1C985A6A00101829 /* SingletonTest.m */,
				41BFF1251CAD0FFD00DC8C16 /* ContactObjectTests.m */,
			);
			name = Models;
			sourceTree = "<group>";
		};
		418DF2F8219EB86700C6E7FC /* Models */ = {
			isa = PBXGroup;
			children = (
				41902D9921A3E75000846DFB /* ACViewDescriberAssembly.h */,
				418DF2FC219EB89B00C6E7FC /* ACViewDescriber.h */,
				418DF2FD219EB89B00C6E7FC /* ACViewDescriber.m */,
				418DF2F9219EB87D00C6E7FC /* ACDataModel.h */,
				418DF2FA219EB87D00C6E7FC /* ACDataModel.m */,
				418DF2F3219EB80000C6E7FC /* ACLayoutModel.h */,
				418DF2F4219EB80000C6E7FC /* ACLayoutModel.m */,
			);
			path = Models;
			sourceTree = "<group>";
		};
		418DF2FF219EB8F900C6E7FC /* Protocols */ = {
			isa = PBXGroup;
			children = (
				418DF300219EB91200C6E7FC /* ACReusable.h */,
				418DF301219EB93100C6E7FC /* ACHeightable.h */,
				418DF302219EB94C00C6E7FC /* ACDescribable.h */,
			);
			path = Protocols;
			sourceTree = "<group>";
		};
		418DF303219EBA0700C6E7FC /* DesignableView */ = {
			isa = PBXGroup;
			children = (
				418DF307219EBA5D00C6E7FC /* ACDesignableView+Protected.h */,
				418DF304219EBA1E00C6E7FC /* ACDesignableView.h */,
				418DF305219EBA1E00C6E7FC /* ACDesignableView.m */,
			);
			path = DesignableView;
			sourceTree = "<group>";
		};
		418DF30E219EBDBD00C6E7FC /* Extended */ = {
			isa = PBXGroup;
			children = (
				418DF30F219EBDCF00C6E7FC /* ACSectionDescriber.h */,
				418DF310219EBDCF00C6E7FC /* ACSectionDescriber.m */,
				418DF312219ED56300C6E7FC /* ACTemplateExtendedTVC.h */,
				418DF313219ED56300C6E7FC /* ACTemplateExtendedTVC.m */,
			);
			path = Extended;
			sourceTree = "<group>";
		};
		4195D54921B9053F00D44C9B /* Router */ = {
			isa = PBXGroup;
			children = (
				4195D54A21B9059800D44C9B /* ACTemplateRouter+Protected.h */,
				4195D54621B9053C00D44C9B /* ACTemplateRouter.h */,
				4195D54721B9053C00D44C9B /* ACTemplateRouter.m */,
			);
			path = Router;
			sourceTree = "<group>";
		};
		41AC95A01DE47AC00006C776 /* ImagePicker */ = {
			isa = PBXGroup;
			children = (
				41AC959D1DE47ABD0006C776 /* ACImagePicker.h */,
				41AC959E1DE47ABD0006C776 /* ACImagePicker.m */,
			);
			name = ImagePicker;
			sourceTree = "<group>";
		};
		41B1836E1CDB201400A9023B /* Location */ = {
			isa = PBXGroup;
			children = (
				41B1836B1CDB201000A9023B /* ACLocationHelper.h */,
				41B1836C1CDB201000A9023B /* ACLocationHelper.m */,
			);
			name = Location;
			sourceTree = "<group>";
		};
		41C58C011C7B2C70008FEADD /* Router */ = {
			isa = PBXGroup;
			children = (
				41C58BFE1C7B2C6C008FEADD /* ACRouter.h */,
				41C58BFF1C7B2C6C008FEADD /* ACRouter.m */,
			);
			name = Router;
			sourceTree = "<group>";
		};
		41C58C051C7B4BCA008FEADD /* DataKeeper */ = {
			isa = PBXGroup;
			children = (
				41C58C021C7B4BC7008FEADD /* ACDataKeeper.h */,
				41C58C031C7B4BC7008FEADD /* ACDataKeeper.m */,
			);
			name = DataKeeper;
			sourceTree = "<group>";
		};
		41DCF4221DDC76EF0076809C /* Controllers */ = {
			isa = PBXGroup;
			children = (
				41DCF41F1DDC76E90076809C /* ACWebViewController.h */,
				41DCF4201DDC76E90076809C /* ACWebViewController.m */,
			);
			name = Controllers;
			sourceTree = "<group>";
		};
/* End PBXGroup section */

/* Begin PBXNativeTarget section */
		4147024F1C6E147500F97990 /* DVAppCore */ = {
			isa = PBXNativeTarget;
			buildConfigurationList = 414702721C6E147500F97990 /* Build configuration list for PBXNativeTarget "DVAppCore" */;
			buildPhases = (
				4147024C1C6E147500F97990 /* Sources */,
				4147024D1C6E147500F97990 /* Frameworks */,
				4147024E1C6E147500F97990 /* Resources */,
			);
			buildRules = (
			);
			dependencies = (
			);
			name = DVAppCore;
			productName = AppCore;
			productReference = 414702501C6E147500F97990 /* DVAppCore.app */;
			productType = "com.apple.product-type.application";
		};
		414702681C6E147500F97990 /* DVAppCoreTests */ = {
			isa = PBXNativeTarget;
			buildConfigurationList = 414702751C6E147500F97990 /* Build configuration list for PBXNativeTarget "DVAppCoreTests" */;
			buildPhases = (
				414702651C6E147500F97990 /* Sources */,
				414702661C6E147500F97990 /* Frameworks */,
				414702671C6E147500F97990 /* Resources */,
			);
			buildRules = (
			);
			dependencies = (
				4147026B1C6E147500F97990 /* PBXTargetDependency */,
			);
			name = DVAppCoreTests;
			productName = AppCoreTests;
			productReference = 414702691C6E147500F97990 /* DVAppCore.xctest */;
			productType = "com.apple.product-type.bundle.unit-test";
		};
/* End PBXNativeTarget section */

/* Begin PBXProject section */
		414702481C6E147500F97990 /* Project object */ = {
			isa = PBXProject;
			attributes = {
				CLASSPREFIX = AC;
				LastUpgradeCheck = 0940;
				ORGANIZATIONNAME = "Denis Vashkovski";
				TargetAttributes = {
					4147024F1C6E147500F97990 = {
						CreatedOnToolsVersion = 7.2;
						DevelopmentTeam = 6Q53JH268X;
						ProvisioningStyle = Manual;
					};
					414702681C6E147500F97990 = {
						CreatedOnToolsVersion = 7.2;
						TestTargetID = 4147024F1C6E147500F97990;
					};
				};
			};
			buildConfigurationList = 4147024B1C6E147500F97990 /* Build configuration list for PBXProject "DVAppCore" */;
			compatibilityVersion = "Xcode 3.2";
			developmentRegion = English;
			hasScannedForEncodings = 0;
			knownRegions = (
				English,
				en,
				Base,
			);
			mainGroup = 414702471C6E147500F97990;
			productRefGroup = 414702511C6E147500F97990 /* Products */;
			projectDirPath = "";
			projectRoot = "";
			targets = (
				4147024F1C6E147500F97990 /* DVAppCore */,
				414702681C6E147500F97990 /* DVAppCoreTests */,
			);
		};
/* End PBXProject section */

/* Begin PBXResourcesBuildPhase section */
		4147024E1C6E147500F97990 /* Resources */ = {
			isa = PBXResourcesBuildPhase;
			buildActionMask = 2147483647;
			files = (
				410FB3931CA282330079B2A2 /* Main_iPhone.storyboard in Resources */,
				414702601C6E147500F97990 /* Assets.xcassets in Resources */,
				41807FA51C984D8A00101829 /* ACAssets.xcassets in Resources */,
			);
			runOnlyForDeploymentPostprocessing = 0;
		};
		414702671C6E147500F97990 /* Resources */ = {
			isa = PBXResourcesBuildPhase;
			buildActionMask = 2147483647;
			files = (
			);
			runOnlyForDeploymentPostprocessing = 0;
		};
/* End PBXResourcesBuildPhase section */

/* Begin PBXSourcesBuildPhase section */
		4147024C1C6E147500F97990 /* Sources */ = {
			isa = PBXSourcesBuildPhase;
			buildActionMask = 2147483647;
			files = (
				418DF31D219ED84700C6E7FC /* NSOperationQueue+AppCore.m in Sources */,
				413092051C72136C0080725C /* ACLog.m in Sources */,
				41C58C001C7B2C6C008FEADD /* ACRouter.m in Sources */,
				412F5EEA1CF8679D006539CC /* NSLayoutConstraint+AppCore.m in Sources */,
				418DF2F2219EB75300C6E7FC /* UIWindow+AppCore.m in Sources */,
				41D3D8201EB09E610015206E /* UICollectionViewController+AppCore.m in Sources */,
				41216DD11C77329400543459 /* ACDesignHelper.m in Sources */,
				4147029F1C6E1FB000F97990 /* UIColor+AppCore.m in Sources */,
				4147029C1C6E1ECF00F97990 /* NSObject+AppCore.m in Sources */,
				41E228021DBE328B00E4334B /* NSNumber+AppCore.m in Sources */,
				418DF30D219EBD1700C6E7FC /* UICollectionView+AppCore.m in Sources */,
				416BD9661D460DE700A6AB37 /* ACLocalizationHelper.m in Sources */,
				41B052981CEB4A7B007D2F79 /* NSLayoutConstraintHairline.m in Sources */,
				414702A81C6E21F500F97990 /* UINavigationController+AppCore.m in Sources */,
				418DF30A219EBBB800C6E7FC /* UINib+AppCore.m in Sources */,
				418DF311219EBDCF00C6E7FC /* ACSectionDescriber.m in Sources */,
				41C177391DC32DA2001CE503 /* NSMutableArray+AppCore.m in Sources */,
				41DED3991DA64A7E00ADB3C1 /* NSIndexPath+AppCore.m in Sources */,
				41C58C041C7B4BC7008FEADD /* ACDataKeeper.m in Sources */,
				412F5EED1CF8682E006539CC /* UITableView+AppCore.m in Sources */,
				41A3DDE61EA603A3005A7849 /* UIFont+AppCore.m in Sources */,
				410FB3961CA2824B0079B2A2 /* ViewController.m in Sources */,
				414702B21C6E24C100F97990 /* UIView+AppCore.m in Sources */,
				418DF314219ED56300C6E7FC /* ACTemplateExtendedTVC.m in Sources */,
				418DF2FE219EB89B00C6E7FC /* ACViewDescriber.m in Sources */,
				414702A21C6E207200F97990 /* UIImage+AppCore.m in Sources */,
				414457CA1C735D7800BF27FF /* ACJsonObject.m in Sources */,
				410FB3901CA27C6F0079B2A2 /* TestTVC.m in Sources */,
				4130920B1C721DF80080725C /* NSURLRequest+AppCore.m in Sources */,
				41D91E2E1DE5709B0012E561 /* UIButton+AppCore.m in Sources */,
				414457C41C734FF300BF27FF /* UILabel+AppCore.m in Sources */,
				414702901C6E1C2700F97990 /* NSHTTPURLResponse+AppCore.m in Sources */,
				414702AB1C6E223000F97990 /* UITabBar+AppCore.m in Sources */,
				41AC959F1DE47ABD0006C776 /* ACImagePicker.m in Sources */,
				418DF2F5219EB80000C6E7FC /* ACLayoutModel.m in Sources */,
				41C662111CD878C300ED81CA /* ACTemplateCVC.m in Sources */,
				4183C41D1FBB24D900A2AFE3 /* NSCharacterSet+AppCore.m in Sources */,
				419265B31ECB27D400C7A876 /* UINavigationBar+AppCore.m in Sources */,
				41D3D8231EB0A0090015206E /* TestCVC.m in Sources */,
				413091F91C71F7080080725C /* ACTemplateTVC.m in Sources */,
				413091FC1C71F7860080725C /* UITableViewController+AppCore.m in Sources */,
				4140830523C78EC8002BA171 /* ACLabel.m in Sources */,
				414457B81C730AC000BF27FF /* NSData+AppCore.m in Sources */,
				41C439E51DCC888B005ECE87 /* UIDevice+AppCore.m in Sources */,
				413092021C71FB850080725C /* ACTemplateTBC.m in Sources */,
				41C58BFD1C7AFD1F008FEADD /* NSNotificationCenter+AppCore.m in Sources */,
				4147028D1C6E182300F97990 /* NSString+AppCore.m in Sources */,
				414702931C6E1C7F00F97990 /* NSDate+AppCore.m in Sources */,
				413091FF1C71FB330080725C /* ACTemplateVC.m in Sources */,
				415FECF71C96E3910084F2CC /* NSMutableURLRequest+AppCore.m in Sources */,
				41B331241D58C70E00504F19 /* UIBarButtonItem+AppCore.m in Sources */,
				414702991C6E1DAE00F97990 /* NSAttributedString+AppCore.m in Sources */,
				418DF317219ED6CD00C6E7FC /* ACAsynchronousOperation.m in Sources */,
				415FECFA1C96E7630084F2CC /* ACPendingOperations.m in Sources */,
				41B1836D1CDB201000A9023B /* ACLocationHelper.m in Sources */,
				414702AE1C6E232A00F97990 /* UITableViewCell+AppCore.m in Sources */,
				4147028A1C6E17EA00F97990 /* NSArray+AppCore.m in Sources */,
				414702A51C6E219900F97990 /* UIImageView+AppCore.m in Sources */,
				413091F61C71E3850080725C /* ACTemplateAppDelegate.m in Sources */,
				414702961C6E1D7100F97990 /* NSDictionary+AppCore.m in Sources */,
				418DF31A219ED7C700C6E7FC /* ACAsyncBlockOperation.m in Sources */,
				41DCF4211DDC76E90076809C /* ACWebViewController.m in Sources */,
				414457BE1C73456C00BF27FF /* ACContactsHelper.m in Sources */,
				414702B51C6E263000F97990 /* UIViewController+AppCore.m in Sources */,
				418DF306219EBA1E00C6E7FC /* ACDesignableView.m in Sources */,
				41C662141CD8804300ED81CA /* ACTemplatePVC.m in Sources */,
				414702581C6E147500F97990 /* AppDelegate.m in Sources */,
				4123BECE23CA17EE00B1F3B0 /* UINavigationItem+AppCore.m in Sources */,
				4140830823C78F88002BA171 /* ACTableViewCell.m in Sources */,
				414457C11C734C0900BF27FF /* UITextView+AppCore.m in Sources */,
				414702551C6E147500F97990 /* main.m in Sources */,
				4195D54821B9053C00D44C9B /* ACTemplateRouter.m in Sources */,
				418DF2FB219EB87D00C6E7FC /* ACDataModel.m in Sources */,
				4123BECB23C9FFC300B1F3B0 /* ACKeyboardListener.m in Sources */,
			);
			runOnlyForDeploymentPostprocessing = 0;
		};
		414702651C6E147500F97990 /* Sources */ = {
			isa = PBXSourcesBuildPhase;
			buildActionMask = 2147483647;
			files = (
				4147026E1C6E147500F97990 /* NSCategoriesTests.m in Sources */,
				41BFF1261CAD0FFD00DC8C16 /* ContactObjectTests.m in Sources */,
				41807FAB1C985A6A00101829 /* SingletonTest.m in Sources */,
				41807FA81C98584E00101829 /* JsonObjectTests.m in Sources */,
				41807FA31C9842DD00101829 /* UICategoriesTests.m in Sources */,
			);
			runOnlyForDeploymentPostprocessing = 0;
		};
/* End PBXSourcesBuildPhase section */

/* Begin PBXTargetDependency section */
		4147026B1C6E147500F97990 /* PBXTargetDependency */ = {
			isa = PBXTargetDependency;
			target = 4147024F1C6E147500F97990 /* DVAppCore */;
			targetProxy = 4147026A1C6E147500F97990 /* PBXContainerItemProxy */;
		};
/* End PBXTargetDependency section */

/* Begin PBXVariantGroup section */
		410FB3911CA282330079B2A2 /* Main_iPhone.storyboard */ = {
			isa = PBXVariantGroup;
			children = (
				410FB3921CA282330079B2A2 /* Base */,
			);
			name = Main_iPhone.storyboard;
			sourceTree = "<group>";
		};
/* End PBXVariantGroup section */

/* Begin XCBuildConfiguration section */
		414702701C6E147500F97990 /* Debug */ = {
			isa = XCBuildConfiguration;
			buildSettings = {
				ALWAYS_SEARCH_USER_PATHS = NO;
				CLANG_CXX_LANGUAGE_STANDARD = "gnu++0x";
				CLANG_CXX_LIBRARY = "libc++";
				CLANG_ENABLE_MODULES = YES;
				CLANG_ENABLE_OBJC_ARC = YES;
				CLANG_WARN_BLOCK_CAPTURE_AUTORELEASING = YES;
				CLANG_WARN_BOOL_CONVERSION = YES;
				CLANG_WARN_COMMA = YES;
				CLANG_WARN_CONSTANT_CONVERSION = YES;
				CLANG_WARN_DEPRECATED_OBJC_IMPLEMENTATIONS = YES;
				CLANG_WARN_DIRECT_OBJC_ISA_USAGE = YES_ERROR;
				CLANG_WARN_EMPTY_BODY = YES;
				CLANG_WARN_ENUM_CONVERSION = YES;
				CLANG_WARN_INFINITE_RECURSION = YES;
				CLANG_WARN_INT_CONVERSION = YES;
				CLANG_WARN_NON_LITERAL_NULL_CONVERSION = YES;
				CLANG_WARN_OBJC_IMPLICIT_RETAIN_SELF = YES;
				CLANG_WARN_OBJC_LITERAL_CONVERSION = YES;
				CLANG_WARN_OBJC_ROOT_CLASS = YES_ERROR;
				CLANG_WARN_RANGE_LOOP_ANALYSIS = YES;
				CLANG_WARN_STRICT_PROTOTYPES = YES;
				CLANG_WARN_SUSPICIOUS_MOVE = YES;
				CLANG_WARN_UNREACHABLE_CODE = YES;
				CLANG_WARN__DUPLICATE_METHOD_MATCH = YES;
				"CODE_SIGN_IDENTITY[sdk=iphoneos*]" = "iPhone Developer";
				COPY_PHASE_STRIP = NO;
				DEBUG_INFORMATION_FORMAT = dwarf;
				ENABLE_STRICT_OBJC_MSGSEND = YES;
				ENABLE_TESTABILITY = YES;
				GCC_C_LANGUAGE_STANDARD = gnu99;
				GCC_DYNAMIC_NO_PIC = NO;
				GCC_NO_COMMON_BLOCKS = YES;
				GCC_OPTIMIZATION_LEVEL = 0;
				GCC_PREPROCESSOR_DEFINITIONS = (
					"DEBUG=1",
					"$(inherited)",
				);
				GCC_WARN_64_TO_32_BIT_CONVERSION = YES;
				GCC_WARN_ABOUT_RETURN_TYPE = YES_ERROR;
				GCC_WARN_UNDECLARED_SELECTOR = YES;
				GCC_WARN_UNINITIALIZED_AUTOS = YES_AGGRESSIVE;
				GCC_WARN_UNUSED_FUNCTION = YES;
				GCC_WARN_UNUSED_VARIABLE = YES;
				IPHONEOS_DEPLOYMENT_TARGET = 9.2;
				MTL_ENABLE_DEBUG_INFO = YES;
				ONLY_ACTIVE_ARCH = YES;
				SDKROOT = iphoneos;
			};
			name = Debug;
		};
		414702711C6E147500F97990 /* Release */ = {
			isa = XCBuildConfiguration;
			buildSettings = {
				ALWAYS_SEARCH_USER_PATHS = NO;
				CLANG_CXX_LANGUAGE_STANDARD = "gnu++0x";
				CLANG_CXX_LIBRARY = "libc++";
				CLANG_ENABLE_MODULES = YES;
				CLANG_ENABLE_OBJC_ARC = YES;
				CLANG_WARN_BLOCK_CAPTURE_AUTORELEASING = YES;
				CLANG_WARN_BOOL_CONVERSION = YES;
				CLANG_WARN_COMMA = YES;
				CLANG_WARN_CONSTANT_CONVERSION = YES;
				CLANG_WARN_DEPRECATED_OBJC_IMPLEMENTATIONS = YES;
				CLANG_WARN_DIRECT_OBJC_ISA_USAGE = YES_ERROR;
				CLANG_WARN_EMPTY_BODY = YES;
				CLANG_WARN_ENUM_CONVERSION = YES;
				CLANG_WARN_INFINITE_RECURSION = YES;
				CLANG_WARN_INT_CONVERSION = YES;
				CLANG_WARN_NON_LITERAL_NULL_CONVERSION = YES;
				CLANG_WARN_OBJC_IMPLICIT_RETAIN_SELF = YES;
				CLANG_WARN_OBJC_LITERAL_CONVERSION = YES;
				CLANG_WARN_OBJC_ROOT_CLASS = YES_ERROR;
				CLANG_WARN_RANGE_LOOP_ANALYSIS = YES;
				CLANG_WARN_STRICT_PROTOTYPES = YES;
				CLANG_WARN_SUSPICIOUS_MOVE = YES;
				CLANG_WARN_UNREACHABLE_CODE = YES;
				CLANG_WARN__DUPLICATE_METHOD_MATCH = YES;
				"CODE_SIGN_IDENTITY[sdk=iphoneos*]" = "iPhone Developer";
				COPY_PHASE_STRIP = NO;
				DEBUG_INFORMATION_FORMAT = "dwarf-with-dsym";
				ENABLE_NS_ASSERTIONS = NO;
				ENABLE_STRICT_OBJC_MSGSEND = YES;
				GCC_C_LANGUAGE_STANDARD = gnu99;
				GCC_NO_COMMON_BLOCKS = YES;
				GCC_WARN_64_TO_32_BIT_CONVERSION = YES;
				GCC_WARN_ABOUT_RETURN_TYPE = YES_ERROR;
				GCC_WARN_UNDECLARED_SELECTOR = YES;
				GCC_WARN_UNINITIALIZED_AUTOS = YES_AGGRESSIVE;
				GCC_WARN_UNUSED_FUNCTION = YES;
				GCC_WARN_UNUSED_VARIABLE = YES;
				IPHONEOS_DEPLOYMENT_TARGET = 9.2;
				MTL_ENABLE_DEBUG_INFO = NO;
				SDKROOT = iphoneos;
				VALIDATE_PRODUCT = YES;
			};
			name = Release;
		};
		414702731C6E147500F97990 /* Debug */ = {
			isa = XCBuildConfiguration;
			buildSettings = {
				ASSETCATALOG_COMPILER_APPICON_NAME = AppIcon;
				ASSETCATALOG_COMPILER_LAUNCHIMAGE_NAME = LaunchImage;
				CODE_SIGN_STYLE = Manual;
				DEVELOPMENT_TEAM = 6Q53JH268X;
				INFOPLIST_FILE = DVAppCore_Example/Info.plist;
				IPHONEOS_DEPLOYMENT_TARGET = 11.0;
				LD_RUNPATH_SEARCH_PATHS = "$(inherited) @executable_path/Frameworks";
				MARKETING_VERSION = 0.9.1;
				PRODUCT_BUNDLE_IDENTIFIER = com.vandv.DVAppCore;
				PRODUCT_NAME = DVAppCore;
				PROVISIONING_PROFILE_SPECIFIER = "DV iOS Development";
			};
			name = Debug;
		};
		414702741C6E147500F97990 /* Release */ = {
			isa = XCBuildConfiguration;
			buildSettings = {
				ASSETCATALOG_COMPILER_APPICON_NAME = AppIcon;
				ASSETCATALOG_COMPILER_LAUNCHIMAGE_NAME = LaunchImage;
				CODE_SIGN_STYLE = Manual;
				DEVELOPMENT_TEAM = 6Q53JH268X;
				INFOPLIST_FILE = DVAppCore_Example/Info.plist;
				IPHONEOS_DEPLOYMENT_TARGET = 11.0;
				LD_RUNPATH_SEARCH_PATHS = "$(inherited) @executable_path/Frameworks";
				MARKETING_VERSION = 0.9.1;
				PRODUCT_BUNDLE_IDENTIFIER = com.vandv.DVAppCore;
				PRODUCT_NAME = DVAppCore;
				PROVISIONING_PROFILE_SPECIFIER = "DV iOS Development";
			};
			name = Release;
		};
		414702761C6E147500F97990 /* Debug */ = {
			isa = XCBuildConfiguration;
			buildSettings = {
				BUNDLE_LOADER = "$(TEST_HOST)";
				INFOPLIST_FILE = DVAppCoreTests/Info.plist;
				LD_RUNPATH_SEARCH_PATHS = "$(inherited) @executable_path/Frameworks @loader_path/Frameworks";
				PRODUCT_BUNDLE_IDENTIFIER = com.vandv.DVAppCoreTests;
				PRODUCT_NAME = DVAppCore;
				TEST_HOST = "$(BUILT_PRODUCTS_DIR)/DVAppCore.app/DVAppCore";
			};
			name = Debug;
		};
		414702771C6E147500F97990 /* Release */ = {
			isa = XCBuildConfiguration;
			buildSettings = {
				BUNDLE_LOADER = "$(TEST_HOST)";
				INFOPLIST_FILE = DVAppCoreTests/Info.plist;
				LD_RUNPATH_SEARCH_PATHS = "$(inherited) @executable_path/Frameworks @loader_path/Frameworks";
				PRODUCT_BUNDLE_IDENTIFIER = com.vandv.DVAppCoreTests;
				PRODUCT_NAME = DVAppCore;
				TEST_HOST = "$(BUILT_PRODUCTS_DIR)/DVAppCore.app/DVAppCore";
			};
			name = Release;
		};
/* End XCBuildConfiguration section */

/* Begin XCConfigurationList section */
		4147024B1C6E147500F97990 /* Build configuration list for PBXProject "DVAppCore" */ = {
			isa = XCConfigurationList;
			buildConfigurations = (
				414702701C6E147500F97990 /* Debug */,
				414702711C6E147500F97990 /* Release */,
			);
			defaultConfigurationIsVisible = 0;
			defaultConfigurationName = Release;
		};
		414702721C6E147500F97990 /* Build configuration list for PBXNativeTarget "DVAppCore" */ = {
			isa = XCConfigurationList;
			buildConfigurations = (
				414702731C6E147500F97990 /* Debug */,
				414702741C6E147500F97990 /* Release */,
			);
			defaultConfigurationIsVisible = 0;
			defaultConfigurationName = Release;
		};
		414702751C6E147500F97990 /* Build configuration list for PBXNativeTarget "DVAppCoreTests" */ = {
			isa = XCConfigurationList;
			buildConfigurations = (
				414702761C6E147500F97990 /* Debug */,
				414702771C6E147500F97990 /* Release */,
			);
			defaultConfigurationIsVisible = 0;
			defaultConfigurationName = Release;
		};
/* End XCConfigurationList section */
	};
	rootObject = 414702481C6E147500F97990 /* Project object */;
}
